{
  "lockfile_version": "1",
  "packages": {
    "github:NixOS/nixpkgs/nixpkgs-unstable": {
      "last_modified": "2025-10-23T16:27:14Z",
      "resolved": "github:NixOS/nixpkgs/d5faa84122bc0a1fd5d378492efce4e289f8eac1?lastModified=1761236834&narHash=sha256-%2Bpthv6hrL5VLW2UqPdISGuLiUZ6SnAXdd2DdUE%2BfV2Q%3D"
    },
    "go@latest": {
      "last_modified": "2024-03-06T17:57:40Z",
      "resolved": "github:NixOS/nixpkgs/58ae79ea707579c40102ddf62d84b902a987c58b#go_1_22",
      "source": "devbox-search",
      "version": "1.22.1",
      "systems": {
        "aarch64-darwin": {
          "store_path": "/nix/store/q955gd41jh08l5pgbmx7y5jlqwwk4rqk-go-1.22.1"
        },
        "aarch64-linux": {
          "store_path": "/nix/store/ca92iff1jpd9a3l3i8222rzbkq949mlh-go-1.22.1"
        },
        "x86_64-darwin": {
          "store_path": "/nix/store/f64hpgi6lnn8vrf22cff2y8307c7zns3-go-1.22.1"
        },
        "x86_64-linux": {
          "store_path": "/nix/store/jw9qrkqlkm699ncbrbs1d4czfg4wg8da-go-1.22.1"
        }
      }
    },
    "runx:golangci/golangci-lint@latest": {
      "resolved": "golangci/golangci-lint@v1.56.2",
      "version": "v1.56.2"
    },
    "runx:mvdan/gofumpt@latest": {
      "resolved": "mvdan/gofumpt@v0.6.0",
      "version": "v0.6.0"
    }
  }
}
