{
  "lockfile_version": "1",
  "packages": {
    "go@latest": {
      "last_modified": "2023-08-22T06:04:29Z",
      "resolved": "github:NixOS/nixpkgs/9d757ec498666cc1dcc6f2be26db4fd3e1e9ab37#go_1_21",
      "source": "devbox-search",
      "version": "1.21.0"
    },
    "golangci-lint@1.52.2": {
      "last_modified": "2023-05-01T16:53:22Z",
      "resolved": "github:NixOS/nixpkgs/8670e496ffd093b60e74e7fa53526aa5920d09eb#golangci-lint",
      "version": "1.52.2"
    }
  }
}
