{
  "lockfile_version": "1",
  "packages": {
    "github:NixOS/nixpkgs/f80ac848e3d6f0c12c52758c0f25c10c97ca3b62": {
      "last_modified": "1970-01-01T00:00:00Z",
      "resolved": "github:NixOS/nixpkgs/f80ac848e3d6f0c12c52758c0f25c10c97ca3b62"
    },
    "github:jetify-com/devbox/1d9ea45e1e51826df32ef0db7035c4c00ae2c184?dir=examples/flakes/php/my-php-flake#hello": {
      "last_modified": "1970-01-01T00:00:00Z",
      "resolved": "github:jetify-com/devbox/1d9ea45e1e51826df32ef0db7035c4c00ae2c184?dir=examples%2Fflakes%2Fphp%2Fmy-php-flake#hello"
    },
    "github:nixos/nixpkgs/5233fd2ba76a3accb5aaa999c00509a11fd0793c#cowsay": {
      "last_modified": "1970-01-01T00:00:00Z",
      "resolved": "github:nixos/nixpkgs/5233fd2ba76a3accb5aaa999c00509a11fd0793c#cowsay"
    }
  }
}
