{
  "lockfile_version": "1",
  "packages": {
    "github:NixOS/nixpkgs/nixpkgs-unstable": {
      "last_modified": "2026-06-13T14:05:44Z",
      "resolved": "github:NixOS/nixpkgs/9f11f828c213641c2369a9f1fa31fe31557e3156?lastModified=1781359544&narHash=sha256-iUuzKQcyXvopYDDzFpMK5eQKP3WIJExYny2kJtbgUcE%3D"
    },
    "glibcLocales@latest": {
      "last_modified": "2026-05-21T08:15:18Z",
      "resolved": "github:NixOS/nixpkgs/4a29d733e8a7d5b824c3d8c958a946a9867b3eb2#glibcLocales",
      "source": "devbox-search",
      "version": "2.42-61",
      "systems": {
        "aarch64-linux": {
          "outputs": [
            {
              "name": "out",
              "path": "/nix/store/dlq1phn9xxacdc7pqfi7n4yn6b2npz6g-glibc-locales-2.42-61",
              "default": true
            }
          ],
          "store_path": "/nix/store/dlq1phn9xxacdc7pqfi7n4yn6b2npz6g-glibc-locales-2.42-61"
        },
        "x86_64-linux": {
          "outputs": [
            {
              "name": "out",
              "path": "/nix/store/78i8xfh6bdkcnzc1bs3fpj7dbgvxxa4h-glibc-locales-2.42-61",
              "default": true
            }
          ],
          "store_path": "/nix/store/78i8xfh6bdkcnzc1bs3fpj7dbgvxxa4h-glibc-locales-2.42-61"
        }
      }
    },
    "postgresql@latest": {
      "last_modified": "2026-06-08T15:01:26Z",
      "plugin_version": "0.0.2",
      "resolved": "github:NixOS/nixpkgs/8c3cede7ddc26bd659d2d383b5610efbd2c7a16e#postgresql",
      "source": "devbox-search",
      "version": "17.10",
      "systems": {
        "aarch64-darwin": {
          "outputs": [
            {
              "name": "out",
              "path": "/nix/store/k5mjkij9d9fcikm1pshcads63fsyf08r-postgresql-17.10",
              "default": true
            },
            {
              "name": "man",
              "path": "/nix/store/fbqgpjlxp8kjlln7f2rqlidz86dq1dxj-postgresql-17.10-man",
              "default": true
            },
            {
              "name": "doc",
              "path": "/nix/store/rbd7809q978mm98d2ah6q06hh1fak4g3-postgresql-17.10-doc"
            },
            {
              "name": "jit",
              "path": "/nix/store/jvvc8129hqsxvwxdvhgz8jhsajbyci9s-postgresql-17.10-jit"
            },
            {
              "name": "pltcl",
              "path": "/nix/store/xnqihgavm8j2p3bxrhx21v0cr4w4bvyq-postgresql-17.10-pltcl"
            },
            {
              "name": "dev",
              "path": "/nix/store/y2yfqp710f5ggzj972wvdw27c4465g9b-postgresql-17.10-dev"
            },
            {
              "name": "lib",
              "path": "/nix/store/chrd4xzfvh20skzq21p5q96cm1hwsr91-postgresql-17.10-lib"
            },
            {
              "name": "plperl",
              "path": "/nix/store/jfdxbynhcf8a69s2b9k2sm0yicdy9chb-postgresql-17.10-plperl"
            },
            {
              "name": "plpython3",
              "path": "/nix/store/x8kr0c530y07ml1f2k2q1h70j2bi5ndm-postgresql-17.10-plpython3"
            }
          ],
          "store_path": "/nix/store/k5mjkij9d9fcikm1pshcads63fsyf08r-postgresql-17.10"
        },
        "aarch64-linux": {
          "outputs": [
            {
              "name": "out",
              "path": "/nix/store/cyh24i9352vrbk53nx4lvq1m98ff8aii-postgresql-17.10",
              "default": true
            },
            {
              "name": "man",
              "path": "/nix/store/954b3d8ksbv0s2jh3p4a0i9jfcj4f1j3-postgresql-17.10-man",
              "default": true
            },
            {
              "name": "debug",
              "path": "/nix/store/dbbqlaba1d5db0l4a5xlgzvkk16bb1ql-postgresql-17.10-debug"
            },
            {
              "name": "doc",
              "path": "/nix/store/srbnmzjyc6fq3bp33lxv7185d85g44bg-postgresql-17.10-doc"
            },
            {
              "name": "jit",
              "path": "/nix/store/08a4srs7r0mskz9qnzd00h5h00008v4q-postgresql-17.10-jit"
            },
            {
              "name": "plpython3",
              "path": "/nix/store/xzhgi5yphr8awiw5ji2nmqdzqxdjshqx-postgresql-17.10-plpython3"
            },
            {
              "name": "dev",
              "path": "/nix/store/ckkjpnmpd0lgs28bhq76ffbknkbw0r2l-postgresql-17.10-dev"
            },
            {
              "name": "lib",
              "path": "/nix/store/bs4ds2zwwfjnp2bz2nqpbm3jc1xw2f76-postgresql-17.10-lib"
            },
            {
              "name": "plperl",
              "path": "/nix/store/qrwc6i1vnfhl95dy5hq9172429yf0i4w-postgresql-17.10-plperl"
            },
            {
              "name": "pltcl",
              "path": "/nix/store/3xqvyngzy2hxckg1q4d6sbn7grj8kmnm-postgresql-17.10-pltcl"
            }
          ],
          "store_path": "/nix/store/cyh24i9352vrbk53nx4lvq1m98ff8aii-postgresql-17.10"
        },
        "x86_64-darwin": {
          "outputs": [
            {
              "name": "out",
              "path": "/nix/store/2d6cqkal090xcmk7vpkvh24sl3infbby-postgresql-17.10",
              "default": true
            },
            {
              "name": "man",
              "path": "/nix/store/rg1kk7km61j8z1j6wbz3cv76zdccijp0-postgresql-17.10-man",
              "default": true
            },
            {
              "name": "plpython3",
              "path": "/nix/store/7bli73px1dfsfy1fwsxs30yxq17kvaxs-postgresql-17.10-plpython3"
            },
            {
              "name": "jit",
              "path": "/nix/store/sax9v31mpzjxngi20jwfhy32hn1d1anm-postgresql-17.10-jit"
            },
            {
              "name": "lib",
              "path": "/nix/store/s3fshal7dhhmbcsm336fghkq6bzd70lq-postgresql-17.10-lib"
            },
            {
              "name": "plperl",
              "path": "/nix/store/rbdah6bn3zm84inf5b5aqyshvri7d7lz-postgresql-17.10-plperl"
            },
            {
              "name": "pltcl",
              "path": "/nix/store/s0flr58ascaiv0mlvwfgq2gmpzgy277a-postgresql-17.10-pltcl"
            },
            {
              "name": "dev",
              "path": "/nix/store/3f6llql2ck6q7gnnyz0ysrrwkv2gghky-postgresql-17.10-dev"
            },
            {
              "name": "doc",
              "path": "/nix/store/1235f75980ib2z42isq8w00css1n4f66-postgresql-17.10-doc"
            }
          ],
          "store_path": "/nix/store/2d6cqkal090xcmk7vpkvh24sl3infbby-postgresql-17.10"
        },
        "x86_64-linux": {
          "outputs": [
            {
              "name": "out",
              "path": "/nix/store/8zm2sma9jgvq101yy4x45za4y28yd164-postgresql-17.10",
              "default": true
            },
            {
              "name": "man",
              "path": "/nix/store/csjq4w1qavdihdq7hywbr0cdf2rzpfz9-postgresql-17.10-man",
              "default": true
            },
            {
              "name": "doc",
              "path": "/nix/store/c8wad1x0pmvysnfkz5d9rcpb872qc2j7-postgresql-17.10-doc"
            },
            {
              "name": "lib",
              "path": "/nix/store/h0mwgi47x8cmwyfqgbi3spsyr8hwidn0-postgresql-17.10-lib"
            },
            {
              "name": "plperl",
              "path": "/nix/store/h98zq6zgf63dwix04cp93c0m3wk29acy-postgresql-17.10-plperl"
            },
            {
              "name": "plpython3",
              "path": "/nix/store/wy8i0s38mq87j1cbq69i950rb26z7pz1-postgresql-17.10-plpython3"
            },
            {
              "name": "pltcl",
              "path": "/nix/store/dd2j50hn9p1capz9kqcbj1773v4agpfj-postgresql-17.10-pltcl"
            },
            {
              "name": "debug",
              "path": "/nix/store/lfgkjigmsr1pyyyf42d5ilnc003bjxn7-postgresql-17.10-debug"
            },
            {
              "name": "jit",
              "path": "/nix/store/phskfynzln3q5qhc1m0i2g7n585129yn-postgresql-17.10-jit"
            },
            {
              "name": "dev",
              "path": "/nix/store/2y8a47fzhkibnfy5lzrv16ylj5rn2pj7-postgresql-17.10-dev"
            }
          ],
          "store_path": "/nix/store/8zm2sma9jgvq101yy4x45za4y28yd164-postgresql-17.10"
        }
      }
    }
  }
}
