{
  "lockfile_version": "1",
  "packages": {
    "github:NixOS/nixpkgs/nixpkgs-unstable": {
      "last_modified": "2026-06-13T14:05:44Z",
      "resolved": "github:NixOS/nixpkgs/9f11f828c213641c2369a9f1fa31fe31557e3156?lastModified=1781359544&narHash=sha256-iUuzKQcyXvopYDDzFpMK5eQKP3WIJExYny2kJtbgUcE%3D"
    },
    "glibcLocales@latest": {
      "last_modified": "2026-05-21T08:15:18Z",
      "resolved": "github:NixOS/nixpkgs/4a29d733e8a7d5b824c3d8c958a946a9867b3eb2#glibcLocales",
      "source": "devbox-search",
      "version": "2.42-61",
      "systems": {
        "aarch64-linux": {
          "outputs": [
            {
              "name": "out",
              "path": "/nix/store/dlq1phn9xxacdc7pqfi7n4yn6b2npz6g-glibc-locales-2.42-61",
              "default": true
            }
          ],
          "store_path": "/nix/store/dlq1phn9xxacdc7pqfi7n4yn6b2npz6g-glibc-locales-2.42-61"
        },
        "x86_64-linux": {
          "outputs": [
            {
              "name": "out",
              "path": "/nix/store/78i8xfh6bdkcnzc1bs3fpj7dbgvxxa4h-glibc-locales-2.42-61",
              "default": true
            }
          ],
          "store_path": "/nix/store/78i8xfh6bdkcnzc1bs3fpj7dbgvxxa4h-glibc-locales-2.42-61"
        }
      }
    },
    "mariadb@latest": {
      "last_modified": "2024-02-10T18:15:24Z",
      "plugin_version": "0.0.4",
      "resolved": "github:NixOS/nixpkgs/10b813040df67c4039086db0f6eaf65c536886c6#mariadb_110",
      "source": "devbox-search",
      "version": "11.0.4",
      "systems": {
        "aarch64-darwin": {
          "outputs": [
            {
              "name": "out",
              "path": "/nix/store/k29pbnr3qa0npl65hhx7zzwsv9jg2zcj-mariadb-server-11.0.4",
              "default": true
            },
            {
              "name": "man",
              "path": "/nix/store/fk8x76797swrpha11z4hqljw3w57840g-mariadb-server-11.0.4-man",
              "default": true
            }
          ],
          "store_path": "/nix/store/k29pbnr3qa0npl65hhx7zzwsv9jg2zcj-mariadb-server-11.0.4"
        },
        "aarch64-linux": {
          "outputs": [
            {
              "name": "out",
              "path": "/nix/store/3i23xqjc57v79jb8n218rbaknln65sw5-mariadb-server-11.0.4",
              "default": true
            },
            {
              "name": "man",
              "path": "/nix/store/2584cazgzhq4qig39kniz68z8s71rwx2-mariadb-server-11.0.4-man",
              "default": true
            }
          ],
          "store_path": "/nix/store/3i23xqjc57v79jb8n218rbaknln65sw5-mariadb-server-11.0.4"
        },
        "x86_64-darwin": {
          "outputs": [
            {
              "name": "out",
              "path": "/nix/store/z13nwdm01gav16nhdz553vjghb7l34gk-mariadb-server-11.0.4",
              "default": true
            },
            {
              "name": "man",
              "path": "/nix/store/v12rb0yvvy0swlym9rxk4jcl3c12mb54-mariadb-server-11.0.4-man",
              "default": true
            }
          ],
          "store_path": "/nix/store/z13nwdm01gav16nhdz553vjghb7l34gk-mariadb-server-11.0.4"
        },
        "x86_64-linux": {
          "outputs": [
            {
              "name": "out",
              "path": "/nix/store/3dar9ams7hgcws5494jp9akjhakczsmb-mariadb-server-11.0.4",
              "default": true
            },
            {
              "name": "man",
              "path": "/nix/store/xgmra2d3lq52lx2kkw4y862s07k9dpx4-mariadb-server-11.0.4-man",
              "default": true
            }
          ],
          "store_path": "/nix/store/3dar9ams7hgcws5494jp9akjhakczsmb-mariadb-server-11.0.4"
        }
      }
    },
    "nodejs@18": {
      "last_modified": "2025-04-17T05:47:26Z",
      "plugin_version": "0.0.3",
      "resolved": "github:NixOS/nixpkgs/ebe4301cbd8f81c4f8d3244b3632338bbeb6d49c#nodejs_18",
      "source": "devbox-search",
      "version": "18.20.8",
      "systems": {
        "aarch64-darwin": {
          "outputs": [
            {
              "name": "out",
              "path": "/nix/store/73cc4bwqdn6pm3jj33yj5r2kwd0l755g-nodejs-18.20.8",
              "default": true
            },
            {
              "name": "dev",
              "path": "/nix/store/h4zmsb8h1lan5nfhsqllcjv8lh535m72-nodejs-18.20.8-dev"
            },
            {
              "name": "libv8",
              "path": "/nix/store/pplb0ibvjw0wjb8690f2ldj9kx2ifhdx-nodejs-18.20.8-libv8"
            }
          ],
          "store_path": "/nix/store/73cc4bwqdn6pm3jj33yj5r2kwd0l755g-nodejs-18.20.8"
        },
        "aarch64-linux": {
          "outputs": [
            {
              "name": "out",
              "path": "/nix/store/fkdigjnf5xaa0xg0y95xzylmglyvkk0a-nodejs-18.20.8",
              "default": true
            },
            {
              "name": "dev",
              "path": "/nix/store/22qpcyra5nbjhz5kfgb5ssnc0vvccvsy-nodejs-18.20.8-dev"
            },
            {
              "name": "libv8",
              "path": "/nix/store/l2w31asaqkqxi83q5vafpgq3xrqgq455-nodejs-18.20.8-libv8"
            }
          ],
          "store_path": "/nix/store/fkdigjnf5xaa0xg0y95xzylmglyvkk0a-nodejs-18.20.8"
        },
        "x86_64-darwin": {
          "outputs": [
            {
              "name": "out",
              "path": "/nix/store/ggvlfwnxvd0vynm8g572vnhia42nk347-nodejs-18.20.8",
              "default": true
            },
            {
              "name": "libv8",
              "path": "/nix/store/x86dr8x9xn0x2bxdk2231csaaxjh4lb3-nodejs-18.20.8-libv8"
            },
            {
              "name": "dev",
              "path": "/nix/store/0b7c4rbb38m6g9q0vcfczx3kbm3z7fns-nodejs-18.20.8-dev"
            }
          ],
          "store_path": "/nix/store/ggvlfwnxvd0vynm8g572vnhia42nk347-nodejs-18.20.8"
        },
        "x86_64-linux": {
          "outputs": [
            {
              "name": "out",
              "path": "/nix/store/0110yhlgniwfpy4iarjgnfqcvn6zhs37-nodejs-18.20.8",
              "default": true
            },
            {
              "name": "libv8",
              "path": "/nix/store/djyml6gzfhz511amx5d2mqy50p9hd2gz-nodejs-18.20.8-libv8"
            },
            {
              "name": "dev",
              "path": "/nix/store/9h65bm05d96j55ifsbb8w14r6f05c7kr-nodejs-18.20.8-dev"
            }
          ],
          "store_path": "/nix/store/0110yhlgniwfpy4iarjgnfqcvn6zhs37-nodejs-18.20.8"
        }
      }
    },
    "php81Extensions.xdebug@latest": {
      "last_modified": "2025-09-18T16:33:27Z",
      "resolved": "github:NixOS/nixpkgs/f4b140d5b253f5e2a1ff4e5506edbf8267724bde#php81Extensions.xdebug",
      "source": "devbox-search",
      "version": "3.4.5",
      "systems": {
        "aarch64-darwin": {
          "outputs": [
            {
              "name": "out",
              "path": "/nix/store/g9brhiaqnn3l8jy0mn4fwf2zz4m8ci4b-php-xdebug-3.4.5",
              "default": true
            }
          ],
          "store_path": "/nix/store/g9brhiaqnn3l8jy0mn4fwf2zz4m8ci4b-php-xdebug-3.4.5"
        },
        "aarch64-linux": {
          "outputs": [
            {
              "name": "out",
              "path": "/nix/store/s7qkqwci38s2bmq3b7laihfr2hkm9qdd-php-xdebug-3.4.5",
              "default": true
            }
          ],
          "store_path": "/nix/store/s7qkqwci38s2bmq3b7laihfr2hkm9qdd-php-xdebug-3.4.5"
        },
        "x86_64-darwin": {
          "outputs": [
            {
              "name": "out",
              "path": "/nix/store/qanl1nykzzr4s5gcr8pqf8c60sck2z60-php-xdebug-3.4.5",
              "default": true
            }
          ],
          "store_path": "/nix/store/qanl1nykzzr4s5gcr8pqf8c60sck2z60-php-xdebug-3.4.5"
        },
        "x86_64-linux": {
          "outputs": [
            {
              "name": "out",
              "path": "/nix/store/7fnx4pbf2x3lfb0d0qp2r8q6mgzd4klb-php-xdebug-3.4.5",
              "default": true
            }
          ],
          "store_path": "/nix/store/7fnx4pbf2x3lfb0d0qp2r8q6mgzd4klb-php-xdebug-3.4.5"
        }
      }
    },
    "php81Packages.composer@latest": {
      "last_modified": "2025-09-28T14:42:27Z",
      "resolved": "github:NixOS/nixpkgs/647e5c14cbd5067f44ac86b74f014962df460840#php81Packages.composer",
      "source": "devbox-search",
      "version": "2.8.12",
      "systems": {
        "aarch64-darwin": {
          "outputs": [
            {
              "name": "out",
              "path": "/nix/store/y9ar6iy4vbhshawm87g0vbp5mginxpc4-composer-2.8.12",
              "default": true
            }
          ],
          "store_path": "/nix/store/y9ar6iy4vbhshawm87g0vbp5mginxpc4-composer-2.8.12"
        },
        "aarch64-linux": {
          "outputs": [
            {
              "name": "out",
              "path": "/nix/store/rw1fdr1hcp1j44rw0fxi79rmfj1scv9y-composer-2.8.12",
              "default": true
            }
          ],
          "store_path": "/nix/store/rw1fdr1hcp1j44rw0fxi79rmfj1scv9y-composer-2.8.12"
        },
        "x86_64-darwin": {
          "outputs": [
            {
              "name": "out",
              "path": "/nix/store/nsi4a3spy0ybzkfsdfj7lhymcskqj1wn-composer-2.8.12",
              "default": true
            }
          ],
          "store_path": "/nix/store/nsi4a3spy0ybzkfsdfj7lhymcskqj1wn-composer-2.8.12"
        },
        "x86_64-linux": {
          "outputs": [
            {
              "name": "out",
              "path": "/nix/store/lgrw55r1r791x7rzfklw9ixx1r80jkwg-composer-2.8.12",
              "default": true
            }
          ],
          "store_path": "/nix/store/lgrw55r1r791x7rzfklw9ixx1r80jkwg-composer-2.8.12"
        }
      }
    },
    "php@8.1": {
      "last_modified": "2024-02-10T18:15:24Z",
      "plugin_version": "0.0.3",
      "resolved": "github:NixOS/nixpkgs/10b813040df67c4039086db0f6eaf65c536886c6#php81",
      "source": "devbox-search",
      "version": "8.1.27",
      "systems": {
        "aarch64-darwin": {
          "outputs": [
            {
              "name": "out",
              "path": "/nix/store/hxam94q1czcx9yh57hlk943h5h2vppkz-php-with-extensions-8.1.27",
              "default": true
            }
          ],
          "store_path": "/nix/store/hxam94q1czcx9yh57hlk943h5h2vppkz-php-with-extensions-8.1.27"
        },
        "aarch64-linux": {
          "outputs": [
            {
              "name": "out",
              "path": "/nix/store/mdg9mg0yv3x45irkvqr01a24k82nhk5s-php-with-extensions-8.1.27",
              "default": true
            }
          ],
          "store_path": "/nix/store/mdg9mg0yv3x45irkvqr01a24k82nhk5s-php-with-extensions-8.1.27"
        },
        "x86_64-darwin": {
          "outputs": [
            {
              "name": "out",
              "path": "/nix/store/j9zvid90fd9b4670lw89ml7rlm6gcmmb-php-with-extensions-8.1.27",
              "default": true
            }
          ],
          "store_path": "/nix/store/j9zvid90fd9b4670lw89ml7rlm6gcmmb-php-with-extensions-8.1.27"
        },
        "x86_64-linux": {
          "outputs": [
            {
              "name": "out",
              "path": "/nix/store/kwy1az3h0bg5zs1smiksvilf449w8yh1-php-with-extensions-8.1.27",
              "default": true
            }
          ],
          "store_path": "/nix/store/kwy1az3h0bg5zs1smiksvilf449w8yh1-php-with-extensions-8.1.27"
        }
      }
    },
    "redis@latest": {
      "last_modified": "2026-05-29T05:01:12Z",
      "plugin_version": "0.0.2",
      "resolved": "github:NixOS/nixpkgs/e9a7635a57597d9754eccebdfc7045e6c8600e6b#redis",
      "source": "devbox-search",
      "version": "8.8.0",
      "systems": {
        "aarch64-darwin": {
          "outputs": [
            {
              "name": "out",
              "path": "/nix/store/k09zvy10hm4fzml8wmfw8qw66pkipjjd-redis-8.8.0",
              "default": true
            }
          ],
          "store_path": "/nix/store/k09zvy10hm4fzml8wmfw8qw66pkipjjd-redis-8.8.0"
        },
        "aarch64-linux": {
          "outputs": [
            {
              "name": "out",
              "path": "/nix/store/4n6678b29rxi4r4cfbgwq1pq17cpgard-redis-8.8.0",
              "default": true
            }
          ],
          "store_path": "/nix/store/4n6678b29rxi4r4cfbgwq1pq17cpgard-redis-8.8.0"
        },
        "x86_64-darwin": {
          "outputs": [
            {
              "name": "out",
              "path": "/nix/store/2y5s46k7x33pvc3wxdlyzwf135ahrvx2-redis-8.8.0",
              "default": true
            }
          ],
          "store_path": "/nix/store/2y5s46k7x33pvc3wxdlyzwf135ahrvx2-redis-8.8.0"
        },
        "x86_64-linux": {
          "outputs": [
            {
              "name": "out",
              "path": "/nix/store/zkd0ckjz5v4izrbb719rhw6y7bb6z4sp-redis-8.8.0",
              "default": true
            }
          ],
          "store_path": "/nix/store/zkd0ckjz5v4izrbb719rhw6y7bb6z4sp-redis-8.8.0"
        }
      }
    }
  }
}
