# This file is automatically @generated by Poetry 2.1.1 and should not be changed by hand.

[[package]]
name = "filelock"
version = "3.18.0"
description = "A platform independent file lock."
optional = false
python-versions = ">=3.9"
groups = ["main"]
files = [
    {file = "filelock-3.18.0-py3-none-any.whl", hash = "sha256:c401f4f8377c4464e6db25fff06205fd89bdd83b65eb0488ed1b160f780e21de"},
    {file = "filelock-3.18.0.tar.gz", hash = "sha256:adbc88eabb99d2fec8c9c1b229b171f18afa655400173ddc653d5d01501fb9f2"},
]

[package.extras]
docs = ["furo (>=2024.8.6)", "sphinx (>=8.1.3)", "sphinx-autodoc-typehints (>=3)"]
testing = ["covdefaults (>=2.3)", "coverage (>=7.6.10)", "diff-cover (>=9.2.1)", "pytest (>=8.3.4)", "pytest-asyncio (>=0.25.2)", "pytest-cov (>=6)", "pytest-mock (>=3.14)", "pytest-timeout (>=2.3.1)", "virtualenv (>=20.28.1)"]
typing = ["typing-extensions (>=4.12.2) ; python_version < \"3.11\""]

[[package]]
name = "fsspec"
version = "2025.5.1"
description = "File-system specification"
optional = false
python-versions = ">=3.9"
groups = ["main"]
files = [
    {file = "fsspec-2025.5.1-py3-none-any.whl", hash = "sha256:24d3a2e663d5fc735ab256263c4075f374a174c3410c0b25e5bd1970bceaa462"},
    {file = "fsspec-2025.5.1.tar.gz", hash = "sha256:2e55e47a540b91843b755e83ded97c6e897fa0942b11490113f09e9c443c2475"},
]

[package.extras]
abfs = ["adlfs"]
adl = ["adlfs"]
arrow = ["pyarrow (>=1)"]
dask = ["dask", "distributed"]
dev = ["pre-commit", "ruff"]
doc = ["numpydoc", "sphinx", "sphinx-design", "sphinx-rtd-theme", "yarl"]
dropbox = ["dropbox", "dropboxdrivefs", "requests"]
full = ["adlfs", "aiohttp (!=4.0.0a0,!=4.0.0a1)", "dask", "distributed", "dropbox", "dropboxdrivefs", "fusepy", "gcsfs", "libarchive-c", "ocifs", "panel", "paramiko", "pyarrow (>=1)", "pygit2", "requests", "s3fs", "smbprotocol", "tqdm"]
fuse = ["fusepy"]
gcs = ["gcsfs"]
git = ["pygit2"]
github = ["requests"]
gs = ["gcsfs"]
gui = ["panel"]
hdfs = ["pyarrow (>=1)"]
http = ["aiohttp (!=4.0.0a0,!=4.0.0a1)"]
libarchive = ["libarchive-c"]
oci = ["ocifs"]
s3 = ["s3fs"]
sftp = ["paramiko"]
smb = ["smbprotocol"]
ssh = ["paramiko"]
test = ["aiohttp (!=4.0.0a0,!=4.0.0a1)", "numpy", "pytest", "pytest-asyncio (!=0.22.0)", "pytest-benchmark", "pytest-cov", "pytest-mock", "pytest-recording", "pytest-rerunfailures", "requests"]
test-downstream = ["aiobotocore (>=2.5.4,<3.0.0)", "dask[dataframe,test]", "moto[server] (>4,<5)", "pytest-timeout", "xarray"]
test-full = ["adlfs", "aiohttp (!=4.0.0a0,!=4.0.0a1)", "cloudpickle", "dask", "distributed", "dropbox", "dropboxdrivefs", "fastparquet", "fusepy", "gcsfs", "jinja2", "kerchunk", "libarchive-c", "lz4", "notebook", "numpy", "ocifs", "pandas", "panel", "paramiko", "pyarrow", "pyarrow (>=1)", "pyftpdlib", "pygit2", "pytest", "pytest-asyncio (!=0.22.0)", "pytest-benchmark", "pytest-cov", "pytest-mock", "pytest-recording", "pytest-rerunfailures", "python-snappy", "requests", "smbprotocol", "tqdm", "urllib3", "zarr", "zstandard"]
tqdm = ["tqdm"]

[[package]]
name = "jinja2"
version = "3.1.6"
description = "A very fast and expressive template engine."
optional = false
python-versions = ">=3.7"
groups = ["main"]
files = [
    {file = "jinja2-3.1.6-py3-none-any.whl", hash = "sha256:85ece4451f492d0c13c5dd7c13a64681a86afae63a5f347908daf103ce6d2f67"},
    {file = "jinja2-3.1.6.tar.gz", hash = "sha256:0137fb05990d35f1275a587e9aee6d56da821fc83491a0fb838183be43f66d6d"},
]

[package.dependencies]
MarkupSafe = ">=2.0"

[package.extras]
i18n = ["Babel (>=2.7)"]

[[package]]
name = "markupsafe"
version = "3.0.2"
description = "Safely add untrusted strings to HTML/XML markup."
optional = false
python-versions = ">=3.9"
groups = ["main"]
files = [
    {file = "MarkupSafe-3.0.2-cp310-cp310-macosx_10_9_universal2.whl", hash = "sha256:7e94c425039cde14257288fd61dcfb01963e658efbc0ff54f5306b06054700f8"},
    {file = "MarkupSafe-3.0.2-cp310-cp310-macosx_11_0_arm64.whl", hash = "sha256:9e2d922824181480953426608b81967de705c3cef4d1af983af849d7bd619158"},
    {file = "MarkupSafe-3.0.2-cp310-cp310-manylinux_2_17_aarch64.manylinux2014_aarch64.whl", hash = "sha256:38a9ef736c01fccdd6600705b09dc574584b89bea478200c5fbf112a6b0d5579"},
    {file = "MarkupSafe-3.0.2-cp310-cp310-manylinux_2_17_x86_64.manylinux2014_x86_64.whl", hash = "sha256:bbcb445fa71794da8f178f0f6d66789a28d7319071af7a496d4d507ed566270d"},
    {file = "MarkupSafe-3.0.2-cp310-cp310-manylinux_2_5_i686.manylinux1_i686.manylinux_2_17_i686.manylinux2014_i686.whl", hash = "sha256:57cb5a3cf367aeb1d316576250f65edec5bb3be939e9247ae594b4bcbc317dfb"},
    {file = "MarkupSafe-3.0.2-cp310-cp310-musllinux_1_2_aarch64.whl", hash = "sha256:3809ede931876f5b2ec92eef964286840ed3540dadf803dd570c3b7e13141a3b"},
    {file = "MarkupSafe-3.0.2-cp310-cp310-musllinux_1_2_i686.whl", hash = "sha256:e07c3764494e3776c602c1e78e298937c3315ccc9043ead7e685b7f2b8d47b3c"},
    {file = "MarkupSafe-3.0.2-cp310-cp310-musllinux_1_2_x86_64.whl", hash = "sha256:b424c77b206d63d500bcb69fa55ed8d0e6a3774056bdc4839fc9298a7edca171"},
    {file = "MarkupSafe-3.0.2-cp310-cp310-win32.whl", hash = "sha256:fcabf5ff6eea076f859677f5f0b6b5c1a51e70a376b0579e0eadef8db48c6b50"},
    {file = "MarkupSafe-3.0.2-cp310-cp310-win_amd64.whl", hash = "sha256:6af100e168aa82a50e186c82875a5893c5597a0c1ccdb0d8b40240b1f28b969a"},
    {file = "MarkupSafe-3.0.2-cp311-cp311-macosx_10_9_universal2.whl", hash = "sha256:9025b4018f3a1314059769c7bf15441064b2207cb3f065e6ea1e7359cb46db9d"},
    {file = "MarkupSafe-3.0.2-cp311-cp311-macosx_11_0_arm64.whl", hash = "sha256:93335ca3812df2f366e80509ae119189886b0f3c2b81325d39efdb84a1e2ae93"},
    {file = "MarkupSafe-3.0.2-cp311-cp311-manylinux_2_17_aarch64.manylinux2014_aarch64.whl", hash = "sha256:2cb8438c3cbb25e220c2ab33bb226559e7afb3baec11c4f218ffa7308603c832"},
    {file = "MarkupSafe-3.0.2-cp311-cp311-manylinux_2_17_x86_64.manylinux2014_x86_64.whl", hash = "sha256:a123e330ef0853c6e822384873bef7507557d8e4a082961e1defa947aa59ba84"},
    {file = "MarkupSafe-3.0.2-cp311-cp311-manylinux_2_5_i686.manylinux1_i686.manylinux_2_17_i686.manylinux2014_i686.whl", hash = "sha256:1e084f686b92e5b83186b07e8a17fc09e38fff551f3602b249881fec658d3eca"},
    {file = "MarkupSafe-3.0.2-cp311-cp311-musllinux_1_2_aarch64.whl", hash = "sha256:d8213e09c917a951de9d09ecee036d5c7d36cb6cb7dbaece4c71a60d79fb9798"},
    {file = "MarkupSafe-3.0.2-cp311-cp311-musllinux_1_2_i686.whl", hash = "sha256:5b02fb34468b6aaa40dfc198d813a641e3a63b98c2b05a16b9f80b7ec314185e"},
    {file = "MarkupSafe-3.0.2-cp311-cp311-musllinux_1_2_x86_64.whl", hash = "sha256:0bff5e0ae4ef2e1ae4fdf2dfd5b76c75e5c2fa4132d05fc1b0dabcd20c7e28c4"},
    {file = "MarkupSafe-3.0.2-cp311-cp311-win32.whl", hash = "sha256:6c89876f41da747c8d3677a2b540fb32ef5715f97b66eeb0c6b66f5e3ef6f59d"},
    {file = "MarkupSafe-3.0.2-cp311-cp311-win_amd64.whl", hash = "sha256:70a87b411535ccad5ef2f1df5136506a10775d267e197e4cf531ced10537bd6b"},
    {file = "MarkupSafe-3.0.2-cp312-cp312-macosx_10_13_universal2.whl", hash = "sha256:9778bd8ab0a994ebf6f84c2b949e65736d5575320a17ae8984a77fab08db94cf"},
    {file = "MarkupSafe-3.0.2-cp312-cp312-macosx_11_0_arm64.whl", hash = "sha256:846ade7b71e3536c4e56b386c2a47adf5741d2d8b94ec9dc3e92e5e1ee1e2225"},
    {file = "MarkupSafe-3.0.2-cp312-cp312-manylinux_2_17_aarch64.manylinux2014_aarch64.whl", hash = "sha256:1c99d261bd2d5f6b59325c92c73df481e05e57f19837bdca8413b9eac4bd8028"},
    {file = "MarkupSafe-3.0.2-cp312-cp312-manylinux_2_17_x86_64.manylinux2014_x86_64.whl", hash = "sha256:e17c96c14e19278594aa4841ec148115f9c7615a47382ecb6b82bd8fea3ab0c8"},
    {file = "MarkupSafe-3.0.2-cp312-cp312-manylinux_2_5_i686.manylinux1_i686.manylinux_2_17_i686.manylinux2014_i686.whl", hash = "sha256:88416bd1e65dcea10bc7569faacb2c20ce071dd1f87539ca2ab364bf6231393c"},
    {file = "MarkupSafe-3.0.2-cp312-cp312-musllinux_1_2_aarch64.whl", hash = "sha256:2181e67807fc2fa785d0592dc2d6206c019b9502410671cc905d132a92866557"},
    {file = "MarkupSafe-3.0.2-cp312-cp312-musllinux_1_2_i686.whl", hash = "sha256:52305740fe773d09cffb16f8ed0427942901f00adedac82ec8b67752f58a1b22"},
    {file = "MarkupSafe-3.0.2-cp312-cp312-musllinux_1_2_x86_64.whl", hash = "sha256:ad10d3ded218f1039f11a75f8091880239651b52e9bb592ca27de44eed242a48"},
    {file = "MarkupSafe-3.0.2-cp312-cp312-win32.whl", hash = "sha256:0f4ca02bea9a23221c0182836703cbf8930c5e9454bacce27e767509fa286a30"},
    {file = "MarkupSafe-3.0.2-cp312-cp312-win_amd64.whl", hash = "sha256:8e06879fc22a25ca47312fbe7c8264eb0b662f6db27cb2d3bbbc74b1df4b9b87"},
    {file = "MarkupSafe-3.0.2-cp313-cp313-macosx_10_13_universal2.whl", hash = "sha256:ba9527cdd4c926ed0760bc301f6728ef34d841f405abf9d4f959c478421e4efd"},
    {file = "MarkupSafe-3.0.2-cp313-cp313-macosx_11_0_arm64.whl", hash = "sha256:f8b3d067f2e40fe93e1ccdd6b2e1d16c43140e76f02fb1319a05cf2b79d99430"},
    {file = "MarkupSafe-3.0.2-cp313-cp313-manylinux_2_17_aarch64.manylinux2014_aarch64.whl", hash = "sha256:569511d3b58c8791ab4c2e1285575265991e6d8f8700c7be0e88f86cb0672094"},
    {file = "MarkupSafe-3.0.2-cp313-cp313-manylinux_2_17_x86_64.manylinux2014_x86_64.whl", hash = "sha256:15ab75ef81add55874e7ab7055e9c397312385bd9ced94920f2802310c930396"},
    {file = "MarkupSafe-3.0.2-cp313-cp313-manylinux_2_5_i686.manylinux1_i686.manylinux_2_17_i686.manylinux2014_i686.whl", hash = "sha256:f3818cb119498c0678015754eba762e0d61e5b52d34c8b13d770f0719f7b1d79"},
    {file = "MarkupSafe-3.0.2-cp313-cp313-musllinux_1_2_aarch64.whl", hash = "sha256:cdb82a876c47801bb54a690c5ae105a46b392ac6099881cdfb9f6e95e4014c6a"},
    {file = "MarkupSafe-3.0.2-cp313-cp313-musllinux_1_2_i686.whl", hash = "sha256:cabc348d87e913db6ab4aa100f01b08f481097838bdddf7c7a84b7575b7309ca"},
    {file = "MarkupSafe-3.0.2-cp313-cp313-musllinux_1_2_x86_64.whl", hash = "sha256:444dcda765c8a838eaae23112db52f1efaf750daddb2d9ca300bcae1039adc5c"},
    {file = "MarkupSafe-3.0.2-cp313-cp313-win32.whl", hash = "sha256:bcf3e58998965654fdaff38e58584d8937aa3096ab5354d493c77d1fdd66d7a1"},
    {file = "MarkupSafe-3.0.2-cp313-cp313-win_amd64.whl", hash = "sha256:e6a2a455bd412959b57a172ce6328d2dd1f01cb2135efda2e4576e8a23fa3b0f"},
    {file = "MarkupSafe-3.0.2-cp313-cp313t-macosx_10_13_universal2.whl", hash = "sha256:b5a6b3ada725cea8a5e634536b1b01c30bcdcd7f9c6fff4151548d5bf6b3a36c"},
    {file = "MarkupSafe-3.0.2-cp313-cp313t-macosx_11_0_arm64.whl", hash = "sha256:a904af0a6162c73e3edcb969eeeb53a63ceeb5d8cf642fade7d39e7963a22ddb"},
    {file = "MarkupSafe-3.0.2-cp313-cp313t-manylinux_2_17_aarch64.manylinux2014_aarch64.whl", hash = "sha256:4aa4e5faecf353ed117801a068ebab7b7e09ffb6e1d5e412dc852e0da018126c"},
    {file = "MarkupSafe-3.0.2-cp313-cp313t-manylinux_2_17_x86_64.manylinux2014_x86_64.whl", hash = "sha256:c0ef13eaeee5b615fb07c9a7dadb38eac06a0608b41570d8ade51c56539e509d"},
    {file = "MarkupSafe-3.0.2-cp313-cp313t-manylinux_2_5_i686.manylinux1_i686.manylinux_2_17_i686.manylinux2014_i686.whl", hash = "sha256:d16a81a06776313e817c951135cf7340a3e91e8c1ff2fac444cfd75fffa04afe"},
    {file = "MarkupSafe-3.0.2-cp313-cp313t-musllinux_1_2_aarch64.whl", hash = "sha256:6381026f158fdb7c72a168278597a5e3a5222e83ea18f543112b2662a9b699c5"},
    {file = "MarkupSafe-3.0.2-cp313-cp313t-musllinux_1_2_i686.whl", hash = "sha256:3d79d162e7be8f996986c064d1c7c817f6df3a77fe3d6859f6f9e7be4b8c213a"},
    {file = "MarkupSafe-3.0.2-cp313-cp313t-musllinux_1_2_x86_64.whl", hash = "sha256:131a3c7689c85f5ad20f9f6fb1b866f402c445b220c19fe4308c0b147ccd2ad9"},
    {file = "MarkupSafe-3.0.2-cp313-cp313t-win32.whl", hash = "sha256:ba8062ed2cf21c07a9e295d5b8a2a5ce678b913b45fdf68c32d95d6c1291e0b6"},
    {file = "MarkupSafe-3.0.2-cp313-cp313t-win_amd64.whl", hash = "sha256:e444a31f8db13eb18ada366ab3cf45fd4b31e4db1236a4448f68778c1d1a5a2f"},
    {file = "MarkupSafe-3.0.2-cp39-cp39-macosx_10_9_universal2.whl", hash = "sha256:eaa0a10b7f72326f1372a713e73c3f739b524b3af41feb43e4921cb529f5929a"},
    {file = "MarkupSafe-3.0.2-cp39-cp39-macosx_11_0_arm64.whl", hash = "sha256:48032821bbdf20f5799ff537c7ac3d1fba0ba032cfc06194faffa8cda8b560ff"},
    {file = "MarkupSafe-3.0.2-cp39-cp39-manylinux_2_17_aarch64.manylinux2014_aarch64.whl", hash = "sha256:1a9d3f5f0901fdec14d8d2f66ef7d035f2157240a433441719ac9a3fba440b13"},
    {file = "MarkupSafe-3.0.2-cp39-cp39-manylinux_2_17_x86_64.manylinux2014_x86_64.whl", hash = "sha256:88b49a3b9ff31e19998750c38e030fc7bb937398b1f78cfa599aaef92d693144"},
    {file = "MarkupSafe-3.0.2-cp39-cp39-manylinux_2_5_i686.manylinux1_i686.manylinux_2_17_i686.manylinux2014_i686.whl", hash = "sha256:cfad01eed2c2e0c01fd0ecd2ef42c492f7f93902e39a42fc9ee1692961443a29"},
    {file = "MarkupSafe-3.0.2-cp39-cp39-musllinux_1_2_aarch64.whl", hash = "sha256:1225beacc926f536dc82e45f8a4d68502949dc67eea90eab715dea3a21c1b5f0"},
    {file = "MarkupSafe-3.0.2-cp39-cp39-musllinux_1_2_i686.whl", hash = "sha256:3169b1eefae027567d1ce6ee7cae382c57fe26e82775f460f0b2778beaad66c0"},
    {file = "MarkupSafe-3.0.2-cp39-cp39-musllinux_1_2_x86_64.whl", hash = "sha256:eb7972a85c54febfb25b5c4b4f3af4dcc731994c7da0d8a0b4a6eb0640e1d178"},
    {file = "MarkupSafe-3.0.2-cp39-cp39-win32.whl", hash = "sha256:8c4e8c3ce11e1f92f6536ff07154f9d49677ebaaafc32db9db4620bc11ed480f"},
    {file = "MarkupSafe-3.0.2-cp39-cp39-win_amd64.whl", hash = "sha256:6e296a513ca3d94054c2c881cc913116e90fd030ad1c656b3869762b754f5f8a"},
    {file = "markupsafe-3.0.2.tar.gz", hash = "sha256:ee55d3edf80167e48ea11a923c7386f4669df67d7994554387f84e7d8b0a2bf0"},
]

[[package]]
name = "mpmath"
version = "1.3.0"
description = "Python library for arbitrary-precision floating-point arithmetic"
optional = false
python-versions = "*"
groups = ["main"]
files = [
    {file = "mpmath-1.3.0-py3-none-any.whl", hash = "sha256:a0b2b9fe80bbcd81a6647ff13108738cfb482d481d826cc0e02f5b35e5c88d2c"},
    {file = "mpmath-1.3.0.tar.gz", hash = "sha256:7a28eb2a9774d00c7bc92411c19a89209d5da7c4c9a9e227be8330a23a25b91f"},
]

[package.extras]
develop = ["codecov", "pycodestyle", "pytest (>=4.6)", "pytest-cov", "wheel"]
docs = ["sphinx"]
gmpy = ["gmpy2 (>=2.1.0a4) ; platform_python_implementation != \"PyPy\""]
tests = ["pytest (>=4.6)"]

[[package]]
name = "networkx"
version = "3.4.2"
description = "Python package for creating and manipulating graphs and networks"
optional = false
python-versions = ">=3.10"
groups = ["main"]
files = [
    {file = "networkx-3.4.2-py3-none-any.whl", hash = "sha256:df5d4365b724cf81b8c6a7312509d0c22386097011ad1abe274afd5e9d3bbc5f"},
    {file = "networkx-3.4.2.tar.gz", hash = "sha256:307c3669428c5362aab27c8a1260aa8f47c4e91d3891f48be0141738d8d053e1"},
]

[package.extras]
default = ["matplotlib (>=3.7)", "numpy (>=1.24)", "pandas (>=2.0)", "scipy (>=1.10,!=1.11.0,!=1.11.1)"]
developer = ["changelist (==0.5)", "mypy (>=1.1)", "pre-commit (>=3.2)", "rtoml"]
doc = ["intersphinx-registry", "myst-nb (>=1.1)", "numpydoc (>=1.8.0)", "pillow (>=9.4)", "pydata-sphinx-theme (>=0.15)", "sphinx (>=7.3)", "sphinx-gallery (>=0.16)", "texext (>=0.6.7)"]
example = ["cairocffi (>=1.7)", "contextily (>=1.6)", "igraph (>=0.11)", "momepy (>=0.7.2)", "osmnx (>=1.9)", "scikit-learn (>=1.5)", "seaborn (>=0.13)"]
extra = ["lxml (>=4.6)", "pydot (>=3.0.1)", "pygraphviz (>=1.14)", "sympy (>=1.10)"]
test = ["pytest (>=7.2)", "pytest-cov (>=4.0)"]

[[package]]
name = "numpy"
version = "1.24.2"
description = "Fundamental package for array computing in Python"
optional = false
python-versions = ">=3.8"
groups = ["main"]
files = [
    {file = "numpy-1.24.2-cp310-cp310-macosx_10_9_x86_64.whl", hash = "sha256:eef70b4fc1e872ebddc38cddacc87c19a3709c0e3e5d20bf3954c147b1dd941d"},
    {file = "numpy-1.24.2-cp310-cp310-macosx_11_0_arm64.whl", hash = "sha256:e8d2859428712785e8a8b7d2b3ef0a1d1565892367b32f915c4a4df44d0e64f5"},
    {file = "numpy-1.24.2-cp310-cp310-manylinux_2_17_aarch64.manylinux2014_aarch64.whl", hash = "sha256:6524630f71631be2dabe0c541e7675db82651eb998496bbe16bc4f77f0772253"},
    {file = "numpy-1.24.2-cp310-cp310-manylinux_2_17_x86_64.manylinux2014_x86_64.whl", hash = "sha256:a51725a815a6188c662fb66fb32077709a9ca38053f0274640293a14fdd22978"},
    {file = "numpy-1.24.2-cp310-cp310-win32.whl", hash = "sha256:2620e8592136e073bd12ee4536149380695fbe9ebeae845b81237f986479ffc9"},
    {file = "numpy-1.24.2-cp310-cp310-win_amd64.whl", hash = "sha256:97cf27e51fa078078c649a51d7ade3c92d9e709ba2bfb97493007103c741f1d0"},
    {file = "numpy-1.24.2-cp311-cp311-macosx_10_9_x86_64.whl", hash = "sha256:7de8fdde0003f4294655aa5d5f0a89c26b9f22c0a58790c38fae1ed392d44a5a"},
    {file = "numpy-1.24.2-cp311-cp311-macosx_11_0_arm64.whl", hash = "sha256:4173bde9fa2a005c2c6e2ea8ac1618e2ed2c1c6ec8a7657237854d42094123a0"},
    {file = "numpy-1.24.2-cp311-cp311-manylinux_2_17_aarch64.manylinux2014_aarch64.whl", hash = "sha256:4cecaed30dc14123020f77b03601559fff3e6cd0c048f8b5289f4eeabb0eb281"},
    {file = "numpy-1.24.2-cp311-cp311-manylinux_2_17_x86_64.manylinux2014_x86_64.whl", hash = "sha256:9a23f8440561a633204a67fb44617ce2a299beecf3295f0d13c495518908e910"},
    {file = "numpy-1.24.2-cp311-cp311-win32.whl", hash = "sha256:e428c4fbfa085f947b536706a2fc349245d7baa8334f0c5723c56a10595f9b95"},
    {file = "numpy-1.24.2-cp311-cp311-win_amd64.whl", hash = "sha256:557d42778a6869c2162deb40ad82612645e21d79e11c1dc62c6e82a2220ffb04"},
    {file = "numpy-1.24.2-cp38-cp38-macosx_10_9_x86_64.whl", hash = "sha256:d0a2db9d20117bf523dde15858398e7c0858aadca7c0f088ac0d6edd360e9ad2"},
    {file = "numpy-1.24.2-cp38-cp38-macosx_11_0_arm64.whl", hash = "sha256:c72a6b2f4af1adfe193f7beb91ddf708ff867a3f977ef2ec53c0ffb8283ab9f5"},
    {file = "numpy-1.24.2-cp38-cp38-manylinux_2_17_aarch64.manylinux2014_aarch64.whl", hash = "sha256:c29e6bd0ec49a44d7690ecb623a8eac5ab8a923bce0bea6293953992edf3a76a"},
    {file = "numpy-1.24.2-cp38-cp38-manylinux_2_17_x86_64.manylinux2014_x86_64.whl", hash = "sha256:2eabd64ddb96a1239791da78fa5f4e1693ae2dadc82a76bc76a14cbb2b966e96"},
    {file = "numpy-1.24.2-cp38-cp38-win32.whl", hash = "sha256:e3ab5d32784e843fc0dd3ab6dcafc67ef806e6b6828dc6af2f689be0eb4d781d"},
    {file = "numpy-1.24.2-cp38-cp38-win_amd64.whl", hash = "sha256:76807b4063f0002c8532cfeac47a3068a69561e9c8715efdad3c642eb27c0756"},
    {file = "numpy-1.24.2-cp39-cp39-macosx_10_9_x86_64.whl", hash = "sha256:4199e7cfc307a778f72d293372736223e39ec9ac096ff0a2e64853b866a8e18a"},
    {file = "numpy-1.24.2-cp39-cp39-macosx_11_0_arm64.whl", hash = "sha256:adbdce121896fd3a17a77ab0b0b5eedf05a9834a18699db6829a64e1dfccca7f"},
    {file = "numpy-1.24.2-cp39-cp39-manylinux_2_17_aarch64.manylinux2014_aarch64.whl", hash = "sha256:889b2cc88b837d86eda1b17008ebeb679d82875022200c6e8e4ce6cf549b7acb"},
    {file = "numpy-1.24.2-cp39-cp39-manylinux_2_17_x86_64.manylinux2014_x86_64.whl", hash = "sha256:f64bb98ac59b3ea3bf74b02f13836eb2e24e48e0ab0145bbda646295769bd780"},
    {file = "numpy-1.24.2-cp39-cp39-win32.whl", hash = "sha256:63e45511ee4d9d976637d11e6c9864eae50e12dc9598f531c035265991910468"},
    {file = "numpy-1.24.2-cp39-cp39-win_amd64.whl", hash = "sha256:a77d3e1163a7770164404607b7ba3967fb49b24782a6ef85d9b5f54126cc39e5"},
    {file = "numpy-1.24.2-pp38-pypy38_pp73-macosx_10_9_x86_64.whl", hash = "sha256:92011118955724465fb6853def593cf397b4a1367495e0b59a7e69d40c4eb71d"},
    {file = "numpy-1.24.2-pp38-pypy38_pp73-manylinux_2_17_x86_64.manylinux2014_x86_64.whl", hash = "sha256:f9006288bcf4895917d02583cf3411f98631275bc67cce355a7f39f8c14338fa"},
    {file = "numpy-1.24.2-pp38-pypy38_pp73-win_amd64.whl", hash = "sha256:150947adbdfeceec4e5926d956a06865c1c690f2fd902efede4ca6fe2e657c3f"},
    {file = "numpy-1.24.2.tar.gz", hash = "sha256:003a9f530e880cb2cd177cba1af7220b9aa42def9c4afc2a2fc3ee6be7eb2b22"},
]

[[package]]
name = "nvidia-cublas-cu12"
version = "12.6.4.1"
description = "CUBLAS native runtime libraries"
optional = false
python-versions = ">=3"
groups = ["main"]
markers = "platform_system == \"Linux\" and platform_machine == \"x86_64\""
files = [
    {file = "nvidia_cublas_cu12-12.6.4.1-py3-none-manylinux2014_x86_64.manylinux_2_17_x86_64.whl", hash = "sha256:08ed2686e9875d01b58e3cb379c6896df8e76c75e0d4a7f7dace3d7b6d9ef8eb"},
    {file = "nvidia_cublas_cu12-12.6.4.1-py3-none-manylinux_2_27_aarch64.whl", hash = "sha256:235f728d6e2a409eddf1df58d5b0921cf80cfa9e72b9f2775ccb7b4a87984668"},
    {file = "nvidia_cublas_cu12-12.6.4.1-py3-none-win_amd64.whl", hash = "sha256:9e4fa264f4d8a4eb0cdbd34beadc029f453b3bafae02401e999cf3d5a5af75f8"},
]

[[package]]
name = "nvidia-cuda-cupti-cu12"
version = "12.6.80"
description = "CUDA profiling tools runtime libs."
optional = false
python-versions = ">=3"
groups = ["main"]
markers = "platform_system == \"Linux\" and platform_machine == \"x86_64\""
files = [
    {file = "nvidia_cuda_cupti_cu12-12.6.80-py3-none-manylinux2014_aarch64.manylinux_2_17_aarch64.whl", hash = "sha256:166ee35a3ff1587f2490364f90eeeb8da06cd867bd5b701bf7f9a02b78bc63fc"},
    {file = "nvidia_cuda_cupti_cu12-12.6.80-py3-none-manylinux2014_aarch64.whl", hash = "sha256:358b4a1d35370353d52e12f0a7d1769fc01ff74a191689d3870b2123156184c4"},
    {file = "nvidia_cuda_cupti_cu12-12.6.80-py3-none-manylinux2014_x86_64.manylinux_2_17_x86_64.whl", hash = "sha256:6768bad6cab4f19e8292125e5f1ac8aa7d1718704012a0e3272a6f61c4bce132"},
    {file = "nvidia_cuda_cupti_cu12-12.6.80-py3-none-manylinux2014_x86_64.whl", hash = "sha256:a3eff6cdfcc6a4c35db968a06fcadb061cbc7d6dde548609a941ff8701b98b73"},
    {file = "nvidia_cuda_cupti_cu12-12.6.80-py3-none-win_amd64.whl", hash = "sha256:bbe6ae76e83ce5251b56e8c8e61a964f757175682bbad058b170b136266ab00a"},
]

[[package]]
name = "nvidia-cuda-nvrtc-cu12"
version = "12.6.77"
description = "NVRTC native runtime libraries"
optional = false
python-versions = ">=3"
groups = ["main"]
markers = "platform_system == \"Linux\" and platform_machine == \"x86_64\""
files = [
    {file = "nvidia_cuda_nvrtc_cu12-12.6.77-py3-none-manylinux2014_aarch64.whl", hash = "sha256:5847f1d6e5b757f1d2b3991a01082a44aad6f10ab3c5c0213fa3e25bddc25a13"},
    {file = "nvidia_cuda_nvrtc_cu12-12.6.77-py3-none-manylinux2014_x86_64.whl", hash = "sha256:35b0cc6ee3a9636d5409133e79273ce1f3fd087abb0532d2d2e8fff1fe9efc53"},
    {file = "nvidia_cuda_nvrtc_cu12-12.6.77-py3-none-win_amd64.whl", hash = "sha256:f7007dbd914c56bd80ea31bc43e8e149da38f68158f423ba845fc3292684e45a"},
]

[[package]]
name = "nvidia-cuda-runtime-cu12"
version = "12.6.77"
description = "CUDA Runtime native Libraries"
optional = false
python-versions = ">=3"
groups = ["main"]
markers = "platform_system == \"Linux\" and platform_machine == \"x86_64\""
files = [
    {file = "nvidia_cuda_runtime_cu12-12.6.77-py3-none-manylinux2014_aarch64.manylinux_2_17_aarch64.whl", hash = "sha256:6116fad3e049e04791c0256a9778c16237837c08b27ed8c8401e2e45de8d60cd"},
    {file = "nvidia_cuda_runtime_cu12-12.6.77-py3-none-manylinux2014_aarch64.whl", hash = "sha256:d461264ecb429c84c8879a7153499ddc7b19b5f8d84c204307491989a365588e"},
    {file = "nvidia_cuda_runtime_cu12-12.6.77-py3-none-manylinux2014_x86_64.manylinux_2_17_x86_64.whl", hash = "sha256:ba3b56a4f896141e25e19ab287cd71e52a6a0f4b29d0d31609f60e3b4d5219b7"},
    {file = "nvidia_cuda_runtime_cu12-12.6.77-py3-none-manylinux2014_x86_64.whl", hash = "sha256:a84d15d5e1da416dd4774cb42edf5e954a3e60cc945698dc1d5be02321c44dc8"},
    {file = "nvidia_cuda_runtime_cu12-12.6.77-py3-none-win_amd64.whl", hash = "sha256:86c58044c824bf3c173c49a2dbc7a6c8b53cb4e4dca50068be0bf64e9dab3f7f"},
]

[[package]]
name = "nvidia-cudnn-cu12"
version = "9.5.1.17"
description = "cuDNN runtime libraries"
optional = false
python-versions = ">=3"
groups = ["main"]
markers = "platform_system == \"Linux\" and platform_machine == \"x86_64\""
files = [
    {file = "nvidia_cudnn_cu12-9.5.1.17-py3-none-manylinux_2_28_aarch64.whl", hash = "sha256:9fd4584468533c61873e5fda8ca41bac3a38bcb2d12350830c69b0a96a7e4def"},
    {file = "nvidia_cudnn_cu12-9.5.1.17-py3-none-manylinux_2_28_x86_64.whl", hash = "sha256:30ac3869f6db17d170e0e556dd6cc5eee02647abc31ca856634d5a40f82c15b2"},
    {file = "nvidia_cudnn_cu12-9.5.1.17-py3-none-win_amd64.whl", hash = "sha256:d7af0f8a4f3b4b9dbb3122f2ef553b45694ed9c384d5a75bab197b8eefb79ab8"},
]

[package.dependencies]
nvidia-cublas-cu12 = "*"

[[package]]
name = "nvidia-cufft-cu12"
version = "11.3.0.4"
description = "CUFFT native runtime libraries"
optional = false
python-versions = ">=3"
groups = ["main"]
markers = "platform_system == \"Linux\" and platform_machine == \"x86_64\""
files = [
    {file = "nvidia_cufft_cu12-11.3.0.4-py3-none-manylinux2014_aarch64.manylinux_2_17_aarch64.whl", hash = "sha256:d16079550df460376455cba121db6564089176d9bac9e4f360493ca4741b22a6"},
    {file = "nvidia_cufft_cu12-11.3.0.4-py3-none-manylinux2014_aarch64.whl", hash = "sha256:8510990de9f96c803a051822618d42bf6cb8f069ff3f48d93a8486efdacb48fb"},
    {file = "nvidia_cufft_cu12-11.3.0.4-py3-none-manylinux2014_x86_64.manylinux_2_17_x86_64.whl", hash = "sha256:ccba62eb9cef5559abd5e0d54ceed2d9934030f51163df018532142a8ec533e5"},
    {file = "nvidia_cufft_cu12-11.3.0.4-py3-none-manylinux2014_x86_64.whl", hash = "sha256:768160ac89f6f7b459bee747e8d175dbf53619cfe74b2a5636264163138013ca"},
    {file = "nvidia_cufft_cu12-11.3.0.4-py3-none-win_amd64.whl", hash = "sha256:6048ebddfb90d09d2707efb1fd78d4e3a77cb3ae4dc60e19aab6be0ece2ae464"},
]

[package.dependencies]
nvidia-nvjitlink-cu12 = "*"

[[package]]
name = "nvidia-cufile-cu12"
version = "1.11.1.6"
description = "cuFile GPUDirect libraries"
optional = false
python-versions = ">=3"
groups = ["main"]
markers = "platform_system == \"Linux\" and platform_machine == \"x86_64\""
files = [
    {file = "nvidia_cufile_cu12-1.11.1.6-py3-none-manylinux2014_x86_64.manylinux_2_17_x86_64.whl", hash = "sha256:cc23469d1c7e52ce6c1d55253273d32c565dd22068647f3aa59b3c6b005bf159"},
    {file = "nvidia_cufile_cu12-1.11.1.6-py3-none-manylinux_2_27_aarch64.whl", hash = "sha256:8f57a0051dcf2543f6dc2b98a98cb2719c37d3cee1baba8965d57f3bbc90d4db"},
]

[[package]]
name = "nvidia-curand-cu12"
version = "10.3.7.77"
description = "CURAND native runtime libraries"
optional = false
python-versions = ">=3"
groups = ["main"]
markers = "platform_system == \"Linux\" and platform_machine == \"x86_64\""
files = [
    {file = "nvidia_curand_cu12-10.3.7.77-py3-none-manylinux2014_aarch64.whl", hash = "sha256:6e82df077060ea28e37f48a3ec442a8f47690c7499bff392a5938614b56c98d8"},
    {file = "nvidia_curand_cu12-10.3.7.77-py3-none-manylinux2014_x86_64.manylinux_2_17_x86_64.whl", hash = "sha256:a42cd1344297f70b9e39a1e4f467a4e1c10f1da54ff7a85c12197f6c652c8bdf"},
    {file = "nvidia_curand_cu12-10.3.7.77-py3-none-manylinux2014_x86_64.whl", hash = "sha256:99f1a32f1ac2bd134897fc7a203f779303261268a65762a623bf30cc9fe79117"},
    {file = "nvidia_curand_cu12-10.3.7.77-py3-none-manylinux_2_27_aarch64.whl", hash = "sha256:7b2ed8e95595c3591d984ea3603dd66fe6ce6812b886d59049988a712ed06b6e"},
    {file = "nvidia_curand_cu12-10.3.7.77-py3-none-win_amd64.whl", hash = "sha256:6d6d935ffba0f3d439b7cd968192ff068fafd9018dbf1b85b37261b13cfc9905"},
]

[[package]]
name = "nvidia-cusolver-cu12"
version = "11.7.1.2"
description = "CUDA solver native runtime libraries"
optional = false
python-versions = ">=3"
groups = ["main"]
markers = "platform_system == \"Linux\" and platform_machine == \"x86_64\""
files = [
    {file = "nvidia_cusolver_cu12-11.7.1.2-py3-none-manylinux2014_aarch64.whl", hash = "sha256:0ce237ef60acde1efc457335a2ddadfd7610b892d94efee7b776c64bb1cac9e0"},
    {file = "nvidia_cusolver_cu12-11.7.1.2-py3-none-manylinux2014_x86_64.manylinux_2_17_x86_64.whl", hash = "sha256:e9e49843a7707e42022babb9bcfa33c29857a93b88020c4e4434656a655b698c"},
    {file = "nvidia_cusolver_cu12-11.7.1.2-py3-none-manylinux2014_x86_64.whl", hash = "sha256:6cf28f17f64107a0c4d7802be5ff5537b2130bfc112f25d5a30df227058ca0e6"},
    {file = "nvidia_cusolver_cu12-11.7.1.2-py3-none-manylinux_2_27_aarch64.whl", hash = "sha256:dbbe4fc38ec1289c7e5230e16248365e375c3673c9c8bac5796e2e20db07f56e"},
    {file = "nvidia_cusolver_cu12-11.7.1.2-py3-none-win_amd64.whl", hash = "sha256:6813f9d8073f555444a8705f3ab0296d3e1cb37a16d694c5fc8b862a0d8706d7"},
]

[package.dependencies]
nvidia-cublas-cu12 = "*"
nvidia-cusparse-cu12 = "*"
nvidia-nvjitlink-cu12 = "*"

[[package]]
name = "nvidia-cusparse-cu12"
version = "12.5.4.2"
description = "CUSPARSE native runtime libraries"
optional = false
python-versions = ">=3"
groups = ["main"]
markers = "platform_system == \"Linux\" and platform_machine == \"x86_64\""
files = [
    {file = "nvidia_cusparse_cu12-12.5.4.2-py3-none-manylinux2014_aarch64.manylinux_2_17_aarch64.whl", hash = "sha256:d25b62fb18751758fe3c93a4a08eff08effedfe4edf1c6bb5afd0890fe88f887"},
    {file = "nvidia_cusparse_cu12-12.5.4.2-py3-none-manylinux2014_aarch64.whl", hash = "sha256:7aa32fa5470cf754f72d1116c7cbc300b4e638d3ae5304cfa4a638a5b87161b1"},
    {file = "nvidia_cusparse_cu12-12.5.4.2-py3-none-manylinux2014_x86_64.manylinux_2_17_x86_64.whl", hash = "sha256:7556d9eca156e18184b94947ade0fba5bb47d69cec46bf8660fd2c71a4b48b73"},
    {file = "nvidia_cusparse_cu12-12.5.4.2-py3-none-manylinux2014_x86_64.whl", hash = "sha256:23749a6571191a215cb74d1cdbff4a86e7b19f1200c071b3fcf844a5bea23a2f"},
    {file = "nvidia_cusparse_cu12-12.5.4.2-py3-none-win_amd64.whl", hash = "sha256:4acb8c08855a26d737398cba8fb6f8f5045d93f82612b4cfd84645a2332ccf20"},
]

[package.dependencies]
nvidia-nvjitlink-cu12 = "*"

[[package]]
name = "nvidia-cusparselt-cu12"
version = "0.6.3"
description = "NVIDIA cuSPARSELt"
optional = false
python-versions = "*"
groups = ["main"]
markers = "platform_system == \"Linux\" and platform_machine == \"x86_64\""
files = [
    {file = "nvidia_cusparselt_cu12-0.6.3-py3-none-manylinux2014_aarch64.whl", hash = "sha256:8371549623ba601a06322af2133c4a44350575f5a3108fb75f3ef20b822ad5f1"},
    {file = "nvidia_cusparselt_cu12-0.6.3-py3-none-manylinux2014_x86_64.whl", hash = "sha256:e5c8a26c36445dd2e6812f1177978a24e2d37cacce7e090f297a688d1ec44f46"},
    {file = "nvidia_cusparselt_cu12-0.6.3-py3-none-win_amd64.whl", hash = "sha256:3b325bcbd9b754ba43df5a311488fca11a6b5dc3d11df4d190c000cf1a0765c7"},
]

[[package]]
name = "nvidia-nccl-cu12"
version = "2.26.2"
description = "NVIDIA Collective Communication Library (NCCL) Runtime"
optional = false
python-versions = ">=3"
groups = ["main"]
markers = "platform_system == \"Linux\" and platform_machine == \"x86_64\""
files = [
    {file = "nvidia_nccl_cu12-2.26.2-py3-none-manylinux2014_aarch64.manylinux_2_17_aarch64.whl", hash = "sha256:5c196e95e832ad30fbbb50381eb3cbd1fadd5675e587a548563993609af19522"},
    {file = "nvidia_nccl_cu12-2.26.2-py3-none-manylinux2014_x86_64.manylinux_2_17_x86_64.whl", hash = "sha256:694cf3879a206553cc9d7dbda76b13efaf610fdb70a50cba303de1b0d1530ac6"},
]

[[package]]
name = "nvidia-nvjitlink-cu12"
version = "12.6.85"
description = "Nvidia JIT LTO Library"
optional = false
python-versions = ">=3"
groups = ["main"]
markers = "platform_system == \"Linux\" and platform_machine == \"x86_64\""
files = [
    {file = "nvidia_nvjitlink_cu12-12.6.85-py3-none-manylinux2010_x86_64.manylinux_2_12_x86_64.whl", hash = "sha256:eedc36df9e88b682efe4309aa16b5b4e78c2407eac59e8c10a6a47535164369a"},
    {file = "nvidia_nvjitlink_cu12-12.6.85-py3-none-manylinux2014_aarch64.manylinux_2_17_aarch64.whl", hash = "sha256:cf4eaa7d4b6b543ffd69d6abfb11efdeb2db48270d94dfd3a452c24150829e41"},
    {file = "nvidia_nvjitlink_cu12-12.6.85-py3-none-win_amd64.whl", hash = "sha256:e61120e52ed675747825cdd16febc6a0730537451d867ee58bee3853b1b13d1c"},
]

[[package]]
name = "nvidia-nvtx-cu12"
version = "12.6.77"
description = "NVIDIA Tools Extension"
optional = false
python-versions = ">=3"
groups = ["main"]
markers = "platform_system == \"Linux\" and platform_machine == \"x86_64\""
files = [
    {file = "nvidia_nvtx_cu12-12.6.77-py3-none-manylinux2014_aarch64.manylinux_2_17_aarch64.whl", hash = "sha256:f44f8d86bb7d5629988d61c8d3ae61dddb2015dee142740536bc7481b022fe4b"},
    {file = "nvidia_nvtx_cu12-12.6.77-py3-none-manylinux2014_aarch64.whl", hash = "sha256:adcaabb9d436c9761fca2b13959a2d237c5f9fd406c8e4b723c695409ff88059"},
    {file = "nvidia_nvtx_cu12-12.6.77-py3-none-manylinux2014_x86_64.manylinux_2_17_x86_64.whl", hash = "sha256:b90bed3df379fa79afbd21be8e04a0314336b8ae16768b58f2d34cb1d04cd7d2"},
    {file = "nvidia_nvtx_cu12-12.6.77-py3-none-manylinux2014_x86_64.whl", hash = "sha256:6574241a3ec5fdc9334353ab8c479fe75841dbe8f4532a8fc97ce63503330ba1"},
    {file = "nvidia_nvtx_cu12-12.6.77-py3-none-win_amd64.whl", hash = "sha256:2fb11a4af04a5e6c84073e6404d26588a34afd35379f0855a99797897efa75c0"},
]

[[package]]
name = "setuptools"
version = "67.4.0"
description = "Easily download, build, install, upgrade, and uninstall Python packages"
optional = false
python-versions = ">=3.7"
groups = ["main"]
markers = "platform_system == \"Linux\" and platform_machine == \"x86_64\" or python_version >= \"3.12\""
files = [
    {file = "setuptools-67.4.0-py3-none-any.whl", hash = "sha256:f106dee1b506dee5102cc3f3e9e68137bbad6d47b616be7991714b0c62204251"},
    {file = "setuptools-67.4.0.tar.gz", hash = "sha256:e5fd0a713141a4a105412233c63dc4e17ba0090c8e8334594ac790ec97792330"},
]

[package.extras]
docs = ["furo", "jaraco.packaging (>=9)", "jaraco.tidelift (>=1.4)", "pygments-github-lexers (==0.0.5)", "rst.linker (>=1.9)", "sphinx (>=3.5)", "sphinx-favicon", "sphinx-hoverxref (<2)", "sphinx-inline-tabs", "sphinx-lint", "sphinx-notfound-page (==0.8.3)", "sphinx-reredirects", "sphinxcontrib-towncrier"]
testing = ["build[virtualenv]", "filelock (>=3.4.0)", "flake8 (<5)", "flake8-2020", "ini2toml[lite] (>=0.9)", "jaraco.envs (>=2.2)", "jaraco.path (>=3.2.0)", "pip (>=19.1)", "pip-run (>=8.8)", "pytest (>=6)", "pytest-black (>=0.3.7) ; platform_python_implementation != \"PyPy\"", "pytest-checkdocs (>=2.4)", "pytest-cov ; platform_python_implementation != \"PyPy\"", "pytest-enabler (>=1.3)", "pytest-flake8 ; python_version < \"3.12\"", "pytest-mypy (>=0.9.1) ; platform_python_implementation != \"PyPy\"", "pytest-perf", "pytest-timeout", "pytest-xdist", "tomli-w (>=1.0.0)", "virtualenv (>=13.0.0)", "wheel"]
testing-integration = ["build[virtualenv]", "filelock (>=3.4.0)", "jaraco.envs (>=2.2)", "jaraco.path (>=3.2.0)", "pytest", "pytest-enabler", "pytest-xdist", "tomli", "virtualenv (>=13.0.0)", "wheel"]

[[package]]
name = "sympy"
version = "1.14.0"
description = "Computer algebra system (CAS) in Python"
optional = false
python-versions = ">=3.9"
groups = ["main"]
files = [
    {file = "sympy-1.14.0-py3-none-any.whl", hash = "sha256:e091cc3e99d2141a0ba2847328f5479b05d94a6635cb96148ccb3f34671bd8f5"},
    {file = "sympy-1.14.0.tar.gz", hash = "sha256:d3d3fe8df1e5a0b42f0e7bdf50541697dbe7d23746e894990c030e2b05e72517"},
]

[package.dependencies]
mpmath = ">=1.1.0,<1.4"

[package.extras]
dev = ["hypothesis (>=6.70.0)", "pytest (>=7.1.0)"]

[[package]]
name = "torch"
version = "2.7.0"
description = "Tensors and Dynamic neural networks in Python with strong GPU acceleration"
optional = false
python-versions = ">=3.9.0"
groups = ["main"]
files = [
    {file = "torch-2.7.0-cp310-cp310-manylinux_2_28_aarch64.whl", hash = "sha256:c9afea41b11e1a1ab1b258a5c31afbd646d6319042bfe4f231b408034b51128b"},
    {file = "torch-2.7.0-cp310-cp310-manylinux_2_28_x86_64.whl", hash = "sha256:0b9960183b6e5b71239a3e6c883d8852c304e691c0b2955f7045e8a6d05b9183"},
    {file = "torch-2.7.0-cp310-cp310-win_amd64.whl", hash = "sha256:2ad79d0d8c2a20a37c5df6052ec67c2078a2c4e9a96dd3a8b55daaff6d28ea29"},
    {file = "torch-2.7.0-cp310-none-macosx_11_0_arm64.whl", hash = "sha256:34e0168ed6de99121612d72224e59b2a58a83dae64999990eada7260c5dd582d"},
    {file = "torch-2.7.0-cp311-cp311-manylinux_2_28_aarch64.whl", hash = "sha256:2b7813e904757b125faf1a9a3154e1d50381d539ced34da1992f52440567c156"},
    {file = "torch-2.7.0-cp311-cp311-manylinux_2_28_x86_64.whl", hash = "sha256:fd5cfbb4c3bbadd57ad1b27d56a28008f8d8753733411a140fcfb84d7f933a25"},
    {file = "torch-2.7.0-cp311-cp311-win_amd64.whl", hash = "sha256:58df8d5c2eeb81305760282b5069ea4442791a6bbf0c74d9069b7b3304ff8a37"},
    {file = "torch-2.7.0-cp311-none-macosx_11_0_arm64.whl", hash = "sha256:0a8d43caa342b9986101ec5feb5bbf1d86570b5caa01e9cb426378311258fdde"},
    {file = "torch-2.7.0-cp312-cp312-manylinux_2_28_aarch64.whl", hash = "sha256:36a6368c7ace41ad1c0f69f18056020b6a5ca47bedaca9a2f3b578f5a104c26c"},
    {file = "torch-2.7.0-cp312-cp312-manylinux_2_28_x86_64.whl", hash = "sha256:15aab3e31c16feb12ae0a88dba3434a458874636f360c567caa6a91f6bfba481"},
    {file = "torch-2.7.0-cp312-cp312-win_amd64.whl", hash = "sha256:f56d4b2510934e072bab3ab8987e00e60e1262fb238176168f5e0c43a1320c6d"},
    {file = "torch-2.7.0-cp312-none-macosx_11_0_arm64.whl", hash = "sha256:30b7688a87239a7de83f269333651d8e582afffce6f591fff08c046f7787296e"},
    {file = "torch-2.7.0-cp313-cp313-manylinux_2_28_aarch64.whl", hash = "sha256:868ccdc11798535b5727509480cd1d86d74220cfdc42842c4617338c1109a205"},
    {file = "torch-2.7.0-cp313-cp313-manylinux_2_28_x86_64.whl", hash = "sha256:9b52347118116cf3dff2ab5a3c3dd97c719eb924ac658ca2a7335652076df708"},
    {file = "torch-2.7.0-cp313-cp313-win_amd64.whl", hash = "sha256:434cf3b378340efc87c758f250e884f34460624c0523fe5c9b518d205c91dd1b"},
    {file = "torch-2.7.0-cp313-cp313t-macosx_14_0_arm64.whl", hash = "sha256:edad98dddd82220465b106506bb91ee5ce32bd075cddbcf2b443dfaa2cbd83bf"},
    {file = "torch-2.7.0-cp313-cp313t-manylinux_2_28_aarch64.whl", hash = "sha256:2a885fc25afefb6e6eb18a7d1e8bfa01cc153e92271d980a49243b250d5ab6d9"},
    {file = "torch-2.7.0-cp313-cp313t-manylinux_2_28_x86_64.whl", hash = "sha256:176300ff5bc11a5f5b0784e40bde9e10a35c4ae9609beed96b4aeb46a27f5fae"},
    {file = "torch-2.7.0-cp313-cp313t-win_amd64.whl", hash = "sha256:d0ca446a93f474985d81dc866fcc8dccefb9460a29a456f79d99c29a78a66993"},
    {file = "torch-2.7.0-cp313-none-macosx_11_0_arm64.whl", hash = "sha256:27f5007bdf45f7bb7af7f11d1828d5c2487e030690afb3d89a651fd7036a390e"},
    {file = "torch-2.7.0-cp39-cp39-manylinux_2_28_aarch64.whl", hash = "sha256:e362efaa5b3078e5f75c33efc05005b9b46de0d2e899519d5b4cad0e050ed0f7"},
    {file = "torch-2.7.0-cp39-cp39-manylinux_2_28_x86_64.whl", hash = "sha256:fc1ed9258cbfce69970ff508ea60881818d414d098a800b7695ba36f570d34b0"},
    {file = "torch-2.7.0-cp39-cp39-win_amd64.whl", hash = "sha256:87b0802cab44659fcb6bcf5678d58fa4a8b48561cde8fb2d317edf0b6990e1bb"},
    {file = "torch-2.7.0-cp39-none-macosx_11_0_arm64.whl", hash = "sha256:ccd7509141713997861b7a947ef0a717143cd7e9240addd168f38ba8fd23fd56"},
]

[package.dependencies]
filelock = "*"
fsspec = "*"
jinja2 = "*"
networkx = "*"
nvidia-cublas-cu12 = {version = "12.6.4.1", markers = "platform_system == \"Linux\" and platform_machine == \"x86_64\""}
nvidia-cuda-cupti-cu12 = {version = "12.6.80", markers = "platform_system == \"Linux\" and platform_machine == \"x86_64\""}
nvidia-cuda-nvrtc-cu12 = {version = "12.6.77", markers = "platform_system == \"Linux\" and platform_machine == \"x86_64\""}
nvidia-cuda-runtime-cu12 = {version = "12.6.77", markers = "platform_system == \"Linux\" and platform_machine == \"x86_64\""}
nvidia-cudnn-cu12 = {version = "9.5.1.17", markers = "platform_system == \"Linux\" and platform_machine == \"x86_64\""}
nvidia-cufft-cu12 = {version = "11.3.0.4", markers = "platform_system == \"Linux\" and platform_machine == \"x86_64\""}
nvidia-cufile-cu12 = {version = "1.11.1.6", markers = "platform_system == \"Linux\" and platform_machine == \"x86_64\""}
nvidia-curand-cu12 = {version = "10.3.7.77", markers = "platform_system == \"Linux\" and platform_machine == \"x86_64\""}
nvidia-cusolver-cu12 = {version = "11.7.1.2", markers = "platform_system == \"Linux\" and platform_machine == \"x86_64\""}
nvidia-cusparse-cu12 = {version = "12.5.4.2", markers = "platform_system == \"Linux\" and platform_machine == \"x86_64\""}
nvidia-cusparselt-cu12 = {version = "0.6.3", markers = "platform_system == \"Linux\" and platform_machine == \"x86_64\""}
nvidia-nccl-cu12 = {version = "2.26.2", markers = "platform_system == \"Linux\" and platform_machine == \"x86_64\""}
nvidia-nvjitlink-cu12 = {version = "12.6.85", markers = "platform_system == \"Linux\" and platform_machine == \"x86_64\""}
nvidia-nvtx-cu12 = {version = "12.6.77", markers = "platform_system == \"Linux\" and platform_machine == \"x86_64\""}
setuptools = {version = "*", markers = "python_version >= \"3.12\""}
sympy = ">=1.13.3"
triton = {version = "3.3.0", markers = "platform_system == \"Linux\" and platform_machine == \"x86_64\""}
typing-extensions = ">=4.10.0"

[package.extras]
opt-einsum = ["opt-einsum (>=3.3)"]
optree = ["optree (>=0.13.0)"]

[[package]]
name = "triton"
version = "3.3.0"
description = "A language and compiler for custom Deep Learning operations"
optional = false
python-versions = "*"
groups = ["main"]
markers = "platform_system == \"Linux\" and platform_machine == \"x86_64\""
files = [
    {file = "triton-3.3.0-cp310-cp310-manylinux_2_27_x86_64.manylinux_2_28_x86_64.whl", hash = "sha256:fad99beafc860501d7fcc1fb7045d9496cbe2c882b1674640304949165a916e7"},
    {file = "triton-3.3.0-cp311-cp311-manylinux_2_27_x86_64.manylinux_2_28_x86_64.whl", hash = "sha256:3161a2bf073d6b22c4e2f33f951f3e5e3001462b2570e6df9cd57565bdec2984"},
    {file = "triton-3.3.0-cp312-cp312-manylinux_2_27_x86_64.manylinux_2_28_x86_64.whl", hash = "sha256:b68c778f6c4218403a6bd01be7484f6dc9e20fe2083d22dd8aef33e3b87a10a3"},
    {file = "triton-3.3.0-cp313-cp313-manylinux_2_27_x86_64.manylinux_2_28_x86_64.whl", hash = "sha256:47bc87ad66fa4ef17968299acacecaab71ce40a238890acc6ad197c3abe2b8f1"},
    {file = "triton-3.3.0-cp313-cp313t-manylinux_2_27_x86_64.manylinux_2_28_x86_64.whl", hash = "sha256:ce4700fc14032af1e049005ae94ba908e71cd6c2df682239aed08e49bc71b742"},
    {file = "triton-3.3.0-cp39-cp39-manylinux_2_27_x86_64.manylinux_2_28_x86_64.whl", hash = "sha256:1f41403bfa0cbb3e24fd958ca7fee04e9681e55e539296db9aca30c42acae693"},
]

[package.dependencies]
setuptools = ">=40.8.0"

[package.extras]
build = ["cmake (>=3.20)", "lit"]
tests = ["autopep8", "isort", "llnl-hatchet", "numpy", "pytest", "pytest-forked", "pytest-xdist", "scipy (>=1.7.1)"]
tutorials = ["matplotlib", "pandas", "tabulate"]

[[package]]
name = "typing-extensions"
version = "4.13.2"
description = "Backported and Experimental Type Hints for Python 3.8+"
optional = false
python-versions = ">=3.8"
groups = ["main"]
files = [
    {file = "typing_extensions-4.13.2-py3-none-any.whl", hash = "sha256:a439e7c04b49fec3e5d3e2beaa21755cadbbdc391694e28ccdd36ca4a1408f8c"},
    {file = "typing_extensions-4.13.2.tar.gz", hash = "sha256:e6c81219bd689f51865d9e372991c540bda33a0379d5573cddb9a3a23f7caaef"},
]

[metadata]
lock-version = "2.1"
python-versions = "^3.10"
content-hash = "6fb95dcb0e399a6f44cd4df807ba092e1c05f577314c97b9c442497a3d2945bf"
