{
  "lockfile_version": "1",
  "packages": {
    "curl@latest": {
      "last_modified": "2025-12-05T15:03:55Z",
      "resolved": "github:NixOS/nixpkgs/a672be65651c80d3f592a89b3945466584a22069#curl",
      "source": "devbox-search",
      "version": "8.17.0",
      "systems": {
        "aarch64-darwin": {
          "outputs": [
            {
              "name": "bin",
              "path": "/nix/store/qfwqcndy8bji6xww0gizclf2nqi2qpph-curl-8.17.0-bin",
              "default": true
            },
            {
              "name": "man",
              "path": "/nix/store/rk815zvrhwzbi7c6d589v2mhxzyzb400-curl-8.17.0-man",
              "default": true
            },
            {
              "name": "dev",
              "path": "/nix/store/ydp55g2mbd6rk6lfw0krkk3jwgdiqj5d-curl-8.17.0-dev"
            },
            {
              "name": "devdoc",
              "path": "/nix/store/8s884m82fmrbiyz8malglqc4sd632dkc-curl-8.17.0-devdoc"
            },
            {
              "name": "out",
              "path": "/nix/store/yxv8fxaz0fyhc31dv3rz89kc50zw5hgj-curl-8.17.0"
            }
          ],
          "store_path": "/nix/store/qfwqcndy8bji6xww0gizclf2nqi2qpph-curl-8.17.0-bin"
        },
        "aarch64-linux": {
          "outputs": [
            {
              "name": "bin",
              "path": "/nix/store/4x19j6zihdl6pya63xs8g360f2r614sx-curl-8.17.0-bin",
              "default": true
            },
            {
              "name": "man",
              "path": "/nix/store/b29qbmbfvzkm34k0jnj8ykqg2gzj3rdy-curl-8.17.0-man",
              "default": true
            },
            {
              "name": "debug",
              "path": "/nix/store/5hmbdk99knmbg8b0fzh96bv6bkcf6v5i-curl-8.17.0-debug"
            },
            {
              "name": "dev",
              "path": "/nix/store/iqs9mjscns3h5npgkrhgr5xa7qzwd0si-curl-8.17.0-dev"
            },
            {
              "name": "devdoc",
              "path": "/nix/store/1fwncv08c8g78k3hj3cj375vx92ndrp8-curl-8.17.0-devdoc"
            },
            {
              "name": "out",
              "path": "/nix/store/b0a6qc92vybjiggh0kg387cg0zp3kl6j-curl-8.17.0"
            }
          ],
          "store_path": "/nix/store/4x19j6zihdl6pya63xs8g360f2r614sx-curl-8.17.0-bin"
        },
        "x86_64-darwin": {
          "outputs": [
            {
              "name": "bin",
              "path": "/nix/store/w2336wv560g1n58cwashmmczdn3bfkq1-curl-8.17.0-bin",
              "default": true
            },
            {
              "name": "man",
              "path": "/nix/store/i6xmhcan8g4abda7ivv20nvwxrsssjqj-curl-8.17.0-man",
              "default": true
            },
            {
              "name": "devdoc",
              "path": "/nix/store/ipa7v9z7pjcnnv0fmdya1fldcxv0a28z-curl-8.17.0-devdoc"
            },
            {
              "name": "out",
              "path": "/nix/store/x9gyg634fi8mgcyay9mqa1ral7xg72fm-curl-8.17.0"
            },
            {
              "name": "dev",
              "path": "/nix/store/39zfdgq9kg3mb4sycf8pj4pdssrzki6c-curl-8.17.0-dev"
            }
          ],
          "store_path": "/nix/store/w2336wv560g1n58cwashmmczdn3bfkq1-curl-8.17.0-bin"
        },
        "x86_64-linux": {
          "outputs": [
            {
              "name": "bin",
              "path": "/nix/store/0rfz69vp1nl0q2hxzig20hc60sk72z62-curl-8.17.0-bin",
              "default": true
            },
            {
              "name": "man",
              "path": "/nix/store/ijd0yybyzwm98d3q6x7a9cyixgxk0i5d-curl-8.17.0-man",
              "default": true
            },
            {
              "name": "debug",
              "path": "/nix/store/h1fxw0xrifxvbhcp7b8hxsgirxxxfzav-curl-8.17.0-debug"
            },
            {
              "name": "dev",
              "path": "/nix/store/ikmdk37frjdblkba3wl3xws2wwgln17x-curl-8.17.0-dev"
            },
            {
              "name": "devdoc",
              "path": "/nix/store/jm6irg81cc0hqg43l39lkxr6pb0w2xk5-curl-8.17.0-devdoc"
            },
            {
              "name": "out",
              "path": "/nix/store/8idis3j5l13c3x74jl8xly0k4qyk9mx6-curl-8.17.0"
            }
          ],
          "store_path": "/nix/store/0rfz69vp1nl0q2hxzig20hc60sk72z62-curl-8.17.0-bin"
        }
      }
    },
    "gawk@latest": {
      "last_modified": "2025-07-28T17:09:23Z",
      "resolved": "github:NixOS/nixpkgs/648f70160c03151bc2121d179291337ad6bc564b#gawk",
      "source": "devbox-search",
      "version": "5.3.2",
      "systems": {
        "aarch64-darwin": {
          "outputs": [
            {
              "name": "out",
              "path": "/nix/store/cysns6z9qhl9f0a0s1vn1v36z66ar99s-gawk-5.3.2",
              "default": true
            },
            {
              "name": "man",
              "path": "/nix/store/vz7fgrknlmh4602m0rr4nakqsw2mbm4r-gawk-5.3.2-man",
              "default": true
            },
            {
              "name": "info",
              "path": "/nix/store/9cmi08f4vxqykq1w10g972ql3rfjf0wh-gawk-5.3.2-info"
            }
          ],
          "store_path": "/nix/store/cysns6z9qhl9f0a0s1vn1v36z66ar99s-gawk-5.3.2"
        },
        "aarch64-linux": {
          "outputs": [
            {
              "name": "out",
              "path": "/nix/store/ysb0bhsk6qjgi0gbcagcn6qlwnah472a-gawk-5.3.2",
              "default": true
            },
            {
              "name": "man",
              "path": "/nix/store/1m7flkgk5c2m5d2x6hfvwhaihirpg4x8-gawk-5.3.2-man",
              "default": true
            },
            {
              "name": "info",
              "path": "/nix/store/w1bazn62ad9lkrnivvlhb8gkx6kml9wp-gawk-5.3.2-info"
            }
          ],
          "store_path": "/nix/store/ysb0bhsk6qjgi0gbcagcn6qlwnah472a-gawk-5.3.2"
        },
        "x86_64-darwin": {
          "outputs": [
            {
              "name": "out",
              "path": "/nix/store/rd8zib6ik9sgsfzqhjn6wydlp05cbi7d-gawk-5.3.2",
              "default": true
            },
            {
              "name": "man",
              "path": "/nix/store/jfrzr3mjajarwl6rdq118vagqxxn7x03-gawk-5.3.2-man",
              "default": true
            },
            {
              "name": "info",
              "path": "/nix/store/mqb4wflzgdn9ixi5hn3h1yn56kkvvqcl-gawk-5.3.2-info"
            }
          ],
          "store_path": "/nix/store/rd8zib6ik9sgsfzqhjn6wydlp05cbi7d-gawk-5.3.2"
        },
        "x86_64-linux": {
          "outputs": [
            {
              "name": "out",
              "path": "/nix/store/rlxhn6k70xwsyydv3vrawlhghffwkyvi-gawk-5.3.2",
              "default": true
            },
            {
              "name": "man",
              "path": "/nix/store/dw6cnjy1ml5mqzi56wkasklyrf0ax4wq-gawk-5.3.2-man",
              "default": true
            },
            {
              "name": "info",
              "path": "/nix/store/yc94bmrna0930g6ahwrgaqpzq41xm4nx-gawk-5.3.2-info"
            }
          ],
          "store_path": "/nix/store/rlxhn6k70xwsyydv3vrawlhghffwkyvi-gawk-5.3.2"
        }
      }
    },
    "gettext@latest": {
      "last_modified": "2025-08-11T23:54:17Z",
      "resolved": "github:NixOS/nixpkgs/5a983011e0f4b3b286aaa73e011ce32b1449a528#gettext",
      "source": "devbox-search",
      "version": "0.25.1",
      "systems": {
        "aarch64-darwin": {
          "outputs": [
            {
              "name": "out",
              "path": "/nix/store/f978sllzi9j814p8qag1wm8raxs9i4w9-gettext-0.25.1",
              "default": true
            },
            {
              "name": "man",
              "path": "/nix/store/bi118aq2avbc6jjzrrqgyq6ycaaydma1-gettext-0.25.1-man",
              "default": true
            },
            {
              "name": "doc",
              "path": "/nix/store/iq90f6wln17hwwc980fr6a07q5zl32jz-gettext-0.25.1-doc"
            },
            {
              "name": "info",
              "path": "/nix/store/c9mjfmnf1k6ajrimkjc9dqab1qrrcrjy-gettext-0.25.1-info"
            }
          ],
          "store_path": "/nix/store/f978sllzi9j814p8qag1wm8raxs9i4w9-gettext-0.25.1"
        },
        "aarch64-linux": {
          "outputs": [
            {
              "name": "out",
              "path": "/nix/store/j5ci02156h426pbvzx2azwbl20az05l5-gettext-0.25.1",
              "default": true
            },
            {
              "name": "man",
              "path": "/nix/store/8ynxf4fjxykaqcjlq7bnd1giy94c228j-gettext-0.25.1-man",
              "default": true
            },
            {
              "name": "doc",
              "path": "/nix/store/lk1z8884mc0r9qx6xdz21h621vscb75j-gettext-0.25.1-doc"
            },
            {
              "name": "info",
              "path": "/nix/store/gv78lfqy3ss9fv19rlkydjk2qjw1w8yc-gettext-0.25.1-info"
            }
          ],
          "store_path": "/nix/store/j5ci02156h426pbvzx2azwbl20az05l5-gettext-0.25.1"
        },
        "x86_64-darwin": {
          "outputs": [
            {
              "name": "out",
              "path": "/nix/store/2cr2r40x0njxs94cm9358wzcalp4yrwp-gettext-0.25.1",
              "default": true
            },
            {
              "name": "man",
              "path": "/nix/store/77rk2aqvhl4drxgj69icdw4j0rdhyi2b-gettext-0.25.1-man",
              "default": true
            },
            {
              "name": "doc",
              "path": "/nix/store/xbjhjg1ah6jpf08l938y7syf02fmcd94-gettext-0.25.1-doc"
            },
            {
              "name": "info",
              "path": "/nix/store/a4080hpa1h7yi256r4s0sivrq4smcv53-gettext-0.25.1-info"
            }
          ],
          "store_path": "/nix/store/2cr2r40x0njxs94cm9358wzcalp4yrwp-gettext-0.25.1"
        },
        "x86_64-linux": {
          "outputs": [
            {
              "name": "out",
              "path": "/nix/store/m705ap2d06cz67bl8xssz33rl9axy3pm-gettext-0.25.1",
              "default": true
            },
            {
              "name": "man",
              "path": "/nix/store/25m8bc9mlszw8nx58814szhnfznxl1p2-gettext-0.25.1-man",
              "default": true
            },
            {
              "name": "doc",
              "path": "/nix/store/n116lcwgg0rav10akix002fd792m06za-gettext-0.25.1-doc"
            },
            {
              "name": "info",
              "path": "/nix/store/hz3arglxpgmkr901xssh2b7w5j6iiiwm-gettext-0.25.1-info"
            }
          ],
          "store_path": "/nix/store/m705ap2d06cz67bl8xssz33rl9axy3pm-gettext-0.25.1"
        }
      }
    },
    "git@latest": {
      "last_modified": "2026-08-27T07:16:00Z",
      "resolved": "github:NixOS/nixpkgs/c27cdad491a991b11ed731760aa2ef8db0cb0410#git",
      "source": "devbox-search",
      "version": "2.55.0",
      "systems": {
        "aarch64-darwin": {
          "outputs": [
            {
              "name": "out",
              "path": "/nix/store/yqw09igi72yxpgy3d1b25vbh5l8rx227-git-2.55.0",
              "default": true
            },
            {
              "name": "doc",
              "path": "/nix/store/i8y217wsan9w8l62m7w2a0rrnmviaqqk-git-2.55.0-doc"
            }
          ],
          "store_path": "/nix/store/yqw09igi72yxpgy3d1b25vbh5l8rx227-git-2.55.0"
        },
        "aarch64-linux": {
          "outputs": [
            {
              "name": "out",
              "path": "/nix/store/clxhwm4v3gl0k3hazm0zpx14gz2w0clz-git-2.55.0",
              "default": true
            },
            {
              "name": "debug",
              "path": "/nix/store/1asxbx6r55sylz2ljdzk6404i0w28iri-git-2.55.0-debug"
            },
            {
              "name": "doc",
              "path": "/nix/store/ryn8xbxi2i1d2dharz9r7kb2ymqfgkyw-git-2.55.0-doc"
            }
          ],
          "store_path": "/nix/store/clxhwm4v3gl0k3hazm0zpx14gz2w0clz-git-2.55.0"
        },
        "x86_64-linux": {
          "outputs": [
            {
              "name": "out",
              "path": "/nix/store/8yjpgadavqdwphcd2kw4dfvxmgdp5sb3-git-2.55.0",
              "default": true
            },
            {
              "name": "debug",
              "path": "/nix/store/xf0wk67lvyxg1bkwi2rf6iszxlvj0yxj-git-2.55.0-debug"
            },
            {
              "name": "doc",
              "path": "/nix/store/yvx5ayi3k6gh8xgk9yxc9gpy0jb7f14l-git-2.55.0-doc"
            }
          ],
          "store_path": "/nix/store/8yjpgadavqdwphcd2kw4dfvxmgdp5sb3-git-2.55.0"
        }
      }
    },
    "github:NixOS/nixpkgs/nixpkgs-unstable": {
      "last_modified": "2026-08-03T09:05:39Z",
      "resolved": "github:NixOS/nixpkgs/104240a772428cc2e20d8fd86c9ddbb886bbaff2?lastModified=1785747939&narHash=sha256-D740uKsMbgsfK2oaDenJLLPIZfq7W0%2Fg4KN%2FFls8eKs%3D"
    },
    "glibcLocales@latest": {
      "last_modified": "2026-08-27T07:16:00Z",
      "resolved": "github:NixOS/nixpkgs/c27cdad491a991b11ed731760aa2ef8db0cb0410#glibcLocales",
      "source": "devbox-search",
      "version": "2.42-84",
      "systems": {
        "aarch64-linux": {
          "outputs": [
            {
              "name": "out",
              "path": "/nix/store/iacrshzwi3r6k7jr98p94v3naji51f04-glibc-locales-2.42-84",
              "default": true
            }
          ],
          "store_path": "/nix/store/iacrshzwi3r6k7jr98p94v3naji51f04-glibc-locales-2.42-84"
        },
        "x86_64-linux": {
          "outputs": [
            {
              "name": "out",
              "path": "/nix/store/f65j04fnffn1wb67s11m8mhghf3xzpc1-glibc-locales-2.42-84",
              "default": true
            }
          ],
          "store_path": "/nix/store/f65j04fnffn1wb67s11m8mhghf3xzpc1-glibc-locales-2.42-84"
        }
      }
    },
    "mariadb@latest": {
      "last_modified": "2026-08-27T07:16:00Z",
      "plugin_version": "0.0.5",
      "resolved": "github:NixOS/nixpkgs/c27cdad491a991b11ed731760aa2ef8db0cb0410#mariadb_118",
      "source": "devbox-search",
      "version": "11.8.8",
      "systems": {
        "aarch64-darwin": {
          "outputs": [
            {
              "name": "out",
              "path": "/nix/store/ymgkg78f28q0sdryn5rbabmc01x4ckrh-mariadb-server-11.8.8",
              "default": true
            },
            {
              "name": "man",
              "path": "/nix/store/nm04jirpns0g1i39c5n197g8bxv2kyji-mariadb-server-11.8.8-man",
              "default": true
            }
          ],
          "store_path": "/nix/store/ymgkg78f28q0sdryn5rbabmc01x4ckrh-mariadb-server-11.8.8"
        },
        "aarch64-linux": {
          "outputs": [
            {
              "name": "out",
              "path": "/nix/store/i3svsbvrvv4kyr563xb78parncyfggnl-mariadb-server-11.8.8",
              "default": true
            },
            {
              "name": "man",
              "path": "/nix/store/b35ki04jgsqnkxfxr8g373jb63ppkfbf-mariadb-server-11.8.8-man",
              "default": true
            }
          ],
          "store_path": "/nix/store/i3svsbvrvv4kyr563xb78parncyfggnl-mariadb-server-11.8.8"
        },
        "x86_64-darwin": {
          "outputs": [
            {
              "name": "out",
              "path": "/nix/store/scz89p4x8f4bdzywlms9cxilbcc6k1hm-mariadb-server-11.8.8",
              "default": true
            },
            {
              "name": "man",
              "path": "/nix/store/fgqdvwxhmkffagv77pcvw3knhihpsakp-mariadb-server-11.8.8-man",
              "default": true
            }
          ],
          "store_path": "/nix/store/scz89p4x8f4bdzywlms9cxilbcc6k1hm-mariadb-server-11.8.8"
        },
        "x86_64-linux": {
          "outputs": [
            {
              "name": "out",
              "path": "/nix/store/aijg0m2jads1j7qwp3sz4z3r2ncrvngd-mariadb-server-11.8.8",
              "default": true
            },
            {
              "name": "man",
              "path": "/nix/store/vlic0g3g18rrzmyr343744arapidh7an-mariadb-server-11.8.8-man",
              "default": true
            }
          ],
          "store_path": "/nix/store/aijg0m2jads1j7qwp3sz4z3r2ncrvngd-mariadb-server-11.8.8"
        }
      }
    },
    "nginx@latest": {
      "last_modified": "2026-08-29T00:50:12Z",
      "plugin_version": "0.0.5",
      "resolved": "github:NixOS/nixpkgs/e8be7818e19ada32105a8af937a6a473b38167ca#nginx",
      "source": "devbox-search",
      "version": "1.30.4",
      "systems": {
        "aarch64-darwin": {
          "outputs": [
            {
              "name": "out",
              "path": "/nix/store/r16h9vgx8h38a5mfvclxd30s4vm7l0n8-nginx-1.30.4",
              "default": true
            },
            {
              "name": "doc",
              "path": "/nix/store/3m80dbvxs500jxmyhb840d7936acbqfl-nginx-1.30.4-doc"
            }
          ],
          "store_path": "/nix/store/r16h9vgx8h38a5mfvclxd30s4vm7l0n8-nginx-1.30.4"
        },
        "aarch64-linux": {
          "outputs": [
            {
              "name": "out",
              "path": "/nix/store/fkdqkdrrn8xnqyqajh1x9l6123fhmbja-nginx-1.30.4",
              "default": true
            },
            {
              "name": "doc",
              "path": "/nix/store/h9yd8h3l3k5xzdkx3ainyp6q2kj9ap0r-nginx-1.30.4-doc"
            }
          ],
          "store_path": "/nix/store/fkdqkdrrn8xnqyqajh1x9l6123fhmbja-nginx-1.30.4"
        },
        "x86_64-linux": {
          "outputs": [
            {
              "name": "out",
              "path": "/nix/store/qh9vy57ciqzbay4i9swz5p2880fddk93-nginx-1.30.4",
              "default": true
            },
            {
              "name": "doc",
              "path": "/nix/store/6mh24nfnr2kikjmflj9ic56jl6hcvaxx-nginx-1.30.4-doc"
            }
          ],
          "store_path": "/nix/store/qh9vy57ciqzbay4i9swz5p2880fddk93-nginx-1.30.4"
        }
      }
    },
    "php81Packages.composer@latest": {
      "last_modified": "2025-09-28T14:42:27Z",
      "resolved": "github:NixOS/nixpkgs/647e5c14cbd5067f44ac86b74f014962df460840#php81Packages.composer",
      "source": "devbox-search",
      "version": "2.8.12",
      "systems": {
        "aarch64-darwin": {
          "outputs": [
            {
              "name": "out",
              "path": "/nix/store/y9ar6iy4vbhshawm87g0vbp5mginxpc4-composer-2.8.12",
              "default": true
            }
          ],
          "store_path": "/nix/store/y9ar6iy4vbhshawm87g0vbp5mginxpc4-composer-2.8.12"
        },
        "aarch64-linux": {
          "outputs": [
            {
              "name": "out",
              "path": "/nix/store/rw1fdr1hcp1j44rw0fxi79rmfj1scv9y-composer-2.8.12",
              "default": true
            }
          ],
          "store_path": "/nix/store/rw1fdr1hcp1j44rw0fxi79rmfj1scv9y-composer-2.8.12"
        },
        "x86_64-darwin": {
          "outputs": [
            {
              "name": "out",
              "path": "/nix/store/nsi4a3spy0ybzkfsdfj7lhymcskqj1wn-composer-2.8.12",
              "default": true
            }
          ],
          "store_path": "/nix/store/nsi4a3spy0ybzkfsdfj7lhymcskqj1wn-composer-2.8.12"
        },
        "x86_64-linux": {
          "outputs": [
            {
              "name": "out",
              "path": "/nix/store/lgrw55r1r791x7rzfklw9ixx1r80jkwg-composer-2.8.12",
              "default": true
            }
          ],
          "store_path": "/nix/store/lgrw55r1r791x7rzfklw9ixx1r80jkwg-composer-2.8.12"
        }
      }
    },
    "php@8.1": {
      "last_modified": "2025-09-18T16:33:27Z",
      "plugin_version": "0.0.4",
      "resolved": "github:NixOS/nixpkgs/f4b140d5b253f5e2a1ff4e5506edbf8267724bde#php81",
      "source": "devbox-search",
      "version": "8.1.33",
      "systems": {
        "aarch64-darwin": {
          "outputs": [
            {
              "name": "out",
              "path": "/nix/store/5mvm0axpavpnpfvnf18fccj8bdsvqjl4-php-with-extensions-8.1.33",
              "default": true
            }
          ],
          "store_path": "/nix/store/5mvm0axpavpnpfvnf18fccj8bdsvqjl4-php-with-extensions-8.1.33"
        },
        "aarch64-linux": {
          "outputs": [
            {
              "name": "out",
              "path": "/nix/store/bsaibik63rfhg4l269pcm11n5q2kap64-php-with-extensions-8.1.33",
              "default": true
            }
          ],
          "store_path": "/nix/store/bsaibik63rfhg4l269pcm11n5q2kap64-php-with-extensions-8.1.33"
        },
        "x86_64-darwin": {
          "outputs": [
            {
              "name": "out",
              "path": "/nix/store/9qh2mh0c3zfxb5khxkcypqpfks3wc0sb-php-with-extensions-8.1.33",
              "default": true
            }
          ],
          "store_path": "/nix/store/9qh2mh0c3zfxb5khxkcypqpfks3wc0sb-php-with-extensions-8.1.33"
        },
        "x86_64-linux": {
          "outputs": [
            {
              "name": "out",
              "path": "/nix/store/6xal8z90ap7vms9znlbgcmg46yg5j0f9-php-with-extensions-8.1.33",
              "default": true
            }
          ],
          "store_path": "/nix/store/6xal8z90ap7vms9znlbgcmg46yg5j0f9-php-with-extensions-8.1.33"
        }
      }
    }
  }
}
