{
  "lockfile_version": "1",
  "packages": {
    "nodejs@latest": {
      "last_modified": "2024-02-24T23:06:34Z",
      "resolved": "github:NixOS/nixpkgs/9a9dae8f6319600fa9aebde37f340975cab4b8c0#nodejs_21",
      "source": "devbox-search",
      "version": "21.6.2",
      "systems": {
        "aarch64-darwin": {
          "outputs": [
            {
              "name": "out",
              "path": "/nix/store/n9xcy53g63rk8vwb2yx5fb7i72rprpd1-nodejs-21.6.2",
              "default": true
            },
            {
              "name": "libv8",
              "path": "/nix/store/i7dqylwl31kbb4ixlz3d7iz28gkiz1pa-nodejs-21.6.2-libv8"
            }
          ],
          "store_path": "/nix/store/n9xcy53g63rk8vwb2yx5fb7i72rprpd1-nodejs-21.6.2"
        },
        "aarch64-linux": {
          "outputs": [
            {
              "name": "out",
              "path": "/nix/store/mqvmpikgnk7bxvi977ysd0z81bjpflzj-nodejs-21.6.2",
              "default": true
            },
            {
              "name": "libv8",
              "path": "/nix/store/bk213z877b7cx8m5hcb3pplry6bfz48b-nodejs-21.6.2-libv8"
            }
          ],
          "store_path": "/nix/store/mqvmpikgnk7bxvi977ysd0z81bjpflzj-nodejs-21.6.2"
        },
        "x86_64-darwin": {
          "outputs": [
            {
              "name": "out",
              "path": "/nix/store/mdwxb1kdajvahhbpq3dhnaf3b01h7yb8-nodejs-21.6.2",
              "default": true
            },
            {
              "name": "libv8",
              "path": "/nix/store/qnflfa9zq3d2z81zhlig0m7kb7w68csc-nodejs-21.6.2-libv8"
            }
          ],
          "store_path": "/nix/store/mdwxb1kdajvahhbpq3dhnaf3b01h7yb8-nodejs-21.6.2"
        },
        "x86_64-linux": {
          "outputs": [
            {
              "name": "out",
              "path": "/nix/store/va3sggfgfb709lm31bzvpjfyapjdy435-nodejs-21.6.2",
              "default": true
            },
            {
              "name": "libv8",
              "path": "/nix/store/xl576mlrf1vhy9pz5xy9w9bq4l23vrx2-nodejs-21.6.2-libv8"
            }
          ],
          "store_path": "/nix/store/va3sggfgfb709lm31bzvpjfyapjdy435-nodejs-21.6.2"
        }
      }
    }
  }
}
