{
  "lockfile_version": "1",
  "packages": {
    "github:NixOS/nixpkgs/nixpkgs-unstable": {
      "last_modified": "2026-06-13T14:05:44Z",
      "resolved": "github:NixOS/nixpkgs/9f11f828c213641c2369a9f1fa31fe31557e3156?lastModified=1781359544&narHash=sha256-iUuzKQcyXvopYDDzFpMK5eQKP3WIJExYny2kJtbgUcE%3D"
    },
    "libiconv@latest": {
      "last_modified": "2026-05-21T08:15:18Z",
      "resolved": "github:NixOS/nixpkgs/4a29d733e8a7d5b824c3d8c958a946a9867b3eb2#libiconv",
      "source": "devbox-search",
      "version": "2.42",
      "systems": {
        "aarch64-linux": {
          "outputs": [
            {
              "name": "out",
              "path": "/nix/store/1rqqh7kn5mj9yyrdyl0irpx0jvvi1pda-glibc-iconv-2.42",
              "default": true
            }
          ],
          "store_path": "/nix/store/1rqqh7kn5mj9yyrdyl0irpx0jvvi1pda-glibc-iconv-2.42"
        },
        "x86_64-linux": {
          "outputs": [
            {
              "name": "out",
              "path": "/nix/store/lmhbvfwrg837bkq46ild4rngand4mhn5-glibc-iconv-2.42",
              "default": true
            }
          ],
          "store_path": "/nix/store/lmhbvfwrg837bkq46ild4rngand4mhn5-glibc-iconv-2.42"
        }
      }
    },
    "rustup@latest": {
      "last_modified": "2026-05-21T08:15:18Z",
      "plugin_version": "0.0.1",
      "resolved": "github:NixOS/nixpkgs/4a29d733e8a7d5b824c3d8c958a946a9867b3eb2#rustup",
      "source": "devbox-search",
      "version": "1.29.0",
      "systems": {
        "aarch64-darwin": {
          "outputs": [
            {
              "name": "out",
              "path": "/nix/store/nl70ay30nl2szm2g03xa0d7ai69dgbln-rustup-1.29.0",
              "default": true
            }
          ],
          "store_path": "/nix/store/nl70ay30nl2szm2g03xa0d7ai69dgbln-rustup-1.29.0"
        },
        "aarch64-linux": {
          "outputs": [
            {
              "name": "out",
              "path": "/nix/store/684175m8xqfisacqw9rdc97fn2vpp0fj-rustup-1.29.0",
              "default": true
            }
          ],
          "store_path": "/nix/store/684175m8xqfisacqw9rdc97fn2vpp0fj-rustup-1.29.0"
        },
        "x86_64-darwin": {
          "outputs": [
            {
              "name": "out",
              "path": "/nix/store/4hqncs7jnqc64z49r1w09b235074li9q-rustup-1.29.0",
              "default": true
            }
          ],
          "store_path": "/nix/store/4hqncs7jnqc64z49r1w09b235074li9q-rustup-1.29.0"
        },
        "x86_64-linux": {
          "outputs": [
            {
              "name": "out",
              "path": "/nix/store/dpqx1vygrisrvnnwgym1226x317vqp4a-rustup-1.29.0",
              "default": true
            }
          ],
          "store_path": "/nix/store/dpqx1vygrisrvnnwgym1226x317vqp4a-rustup-1.29.0"
        }
      }
    }
  }
}
