{
  "lockfile_version": "1",
  "packages": {
    "curl@8.0": {
      "last_modified": "2023-05-31T02:09:55Z",
      "resolved": "github:NixOS/nixpkgs/9cfaa8a1a00830d17487cb60a19bb86f96f09b27#curl",
      "source": "devbox-search",
      "version": "8.0.1",
      "systems": {
        "aarch64-darwin": {
          "outputs": [
            {
              "name": "bin",
              "path": "/nix/store/7qwsslwdrjyg8hs654nsqpq7lly6dhq5-curl-8.0.1-bin",
              "default": true
            },
            {
              "name": "man",
              "path": "/nix/store/m4ddb23mjq5c29gh5jq06d7c69fbd1s1-curl-8.0.1-man",
              "default": true
            },
            {
              "name": "out",
              "path": "/nix/store/cvhj72qw5wvf9kgphcxjm7qgq590l6vh-curl-8.0.1"
            },
            {
              "name": "dev",
              "path": "/nix/store/amdalwlf7fwkx0p5qxpdb7vf9gg1k3kr-curl-8.0.1-dev"
            },
            {
              "name": "devdoc",
              "path": "/nix/store/c2sr7avaq0ali57xz67yv8hssb24yk20-curl-8.0.1-devdoc"
            }
          ]
        },
        "aarch64-linux": {
          "outputs": [
            {
              "name": "bin",
              "path": "/nix/store/g9g1p4l9146kclnx4lv0hfbzhr9hk7n7-curl-8.0.1-bin",
              "default": true
            },
            {
              "name": "man",
              "path": "/nix/store/hvjjdl3symarwdqdivdc4kgx2m6rrgqw-curl-8.0.1-man",
              "default": true
            },
            {
              "name": "debug",
              "path": "/nix/store/ra2db1hxxi778zp6b224p4rsi5zdw881-curl-8.0.1-debug"
            },
            {
              "name": "dev",
              "path": "/nix/store/xqmkvmgjdp4j9hwiwrx9japy5p53vrgi-curl-8.0.1-dev"
            },
            {
              "name": "devdoc",
              "path": "/nix/store/2b4q9crrqwchyb9aijyshlhavfm981y6-curl-8.0.1-devdoc"
            },
            {
              "name": "out",
              "path": "/nix/store/a9r6jvqjb1c5z4h07hxzp0frbdsb3ly9-curl-8.0.1"
            }
          ]
        },
        "x86_64-darwin": {
          "outputs": [
            {
              "name": "bin",
              "path": "/nix/store/bbkz21vmx16wl0h3xk36g7gxpbymnm6d-curl-8.0.1-bin",
              "default": true
            },
            {
              "name": "man",
              "path": "/nix/store/xln267cm869157s10gngr476lwgqr77n-curl-8.0.1-man",
              "default": true
            },
            {
              "name": "dev",
              "path": "/nix/store/3jyr4rldarq4531417bc56wnn7gp6bc7-curl-8.0.1-dev"
            },
            {
              "name": "devdoc",
              "path": "/nix/store/3yxxgca7vx36474d1nmrh6yh7l1ypmc1-curl-8.0.1-devdoc"
            },
            {
              "name": "out",
              "path": "/nix/store/934lsbj3br4nq2yga676lcs05zgxa46x-curl-8.0.1"
            }
          ]
        },
        "x86_64-linux": {
          "outputs": [
            {
              "name": "bin",
              "path": "/nix/store/0xyi7w3cm3g7gzwfpwqzx0n7xks2sdc6-curl-8.0.1-bin",
              "default": true
            },
            {
              "name": "man",
              "path": "/nix/store/h1w0plkj7db1rp7qhhliin8bpp92qj9l-curl-8.0.1-man",
              "default": true
            },
            {
              "name": "out",
              "path": "/nix/store/2d7h46r8wvnhz1rzfr30spd7vmcdjgqj-curl-8.0.1"
            },
            {
              "name": "debug",
              "path": "/nix/store/ki076f8pqjc4lgh82ahscaknw50wakg9-curl-8.0.1-debug"
            },
            {
              "name": "dev",
              "path": "/nix/store/nkfn58xv8nzp0r67izyhhmsr39v8ksjh-curl-8.0.1-dev"
            },
            {
              "name": "devdoc",
              "path": "/nix/store/frcdfg055fd6jws4n7692nnglp05jqyx-curl-8.0.1-devdoc"
            }
          ]
        }
      }
    },
    "nginx@latest": {
      "last_modified": "2024-02-10T18:15:24Z",
      "plugin_version": "0.0.4",
      "resolved": "github:NixOS/nixpkgs/10b813040df67c4039086db0f6eaf65c536886c6#nginx",
      "source": "devbox-search",
      "version": "1.24.0",
      "systems": {
        "aarch64-darwin": {
          "outputs": [
            {
              "name": "out",
              "path": "/nix/store/188s0g20lmxn4zdcfwahql7h2jzkcgaj-nginx-1.24.0",
              "default": true
            },
            {
              "name": "doc",
              "path": "/nix/store/a3gms7r11g56kvxlb4fpwac9y6sm51sa-nginx-1.24.0-doc"
            }
          ]
        },
        "aarch64-linux": {
          "outputs": [
            {
              "name": "out",
              "path": "/nix/store/1k0jjpzk8sbk6bcwlxvlhyyz0p1abf30-nginx-1.24.0",
              "default": true
            },
            {
              "name": "doc",
              "path": "/nix/store/qqpi6w0wb6i9gnhhb3q7ypaaj77j0rrn-nginx-1.24.0-doc"
            }
          ]
        },
        "x86_64-darwin": {
          "outputs": [
            {
              "name": "out",
              "path": "/nix/store/07cp4pma5zqbaylwn6ajh5wfma2x75lp-nginx-1.24.0",
              "default": true
            },
            {
              "name": "doc",
              "path": "/nix/store/hhc6kwnvs508nqp62yn8iqd47nhbzwvf-nginx-1.24.0-doc"
            }
          ]
        },
        "x86_64-linux": {
          "outputs": [
            {
              "name": "out",
              "path": "/nix/store/30s15lisqd796fs7ffwv4cxqryhkamh8-nginx-1.24.0",
              "default": true
            },
            {
              "name": "doc",
              "path": "/nix/store/xzff10qhh3c4z61c3q1kjljycyrvr7cx-nginx-1.24.0-doc"
            }
          ]
        }
      }
    },
    "php83Extensions.pgsql@latest": {
      "last_modified": "2024-02-16T04:19:51Z",
      "resolved": "github:NixOS/nixpkgs/5e55f0bb65124b05d0a52e164514c03596023634#php83Extensions.pgsql",
      "source": "devbox-search",
      "version": "8.3.3",
      "systems": {
        "aarch64-darwin": {
          "outputs": [
            {
              "name": "out",
              "path": "/nix/store/1cxmsrg34fs35186ha7mq01xy4qs2c37-php-pgsql-8.3.3",
              "default": true
            },
            {
              "name": "dev",
              "path": "/nix/store/1fvz4d4yky25f2cfvs0i5lfg8kj0ccs5-php-pgsql-8.3.3-dev"
            }
          ]
        },
        "aarch64-linux": {
          "outputs": [
            {
              "name": "out",
              "path": "/nix/store/ckagpah5z5ql36k8p1msyi2cziv97gwp-php-pgsql-8.3.3",
              "default": true
            },
            {
              "name": "dev",
              "path": "/nix/store/91mj6jw9qqnzbzdy5ymx95v0i2msza9a-php-pgsql-8.3.3-dev"
            }
          ]
        },
        "x86_64-darwin": {
          "outputs": [
            {
              "name": "out",
              "path": "/nix/store/d1f6asgibxzkmkm79z0jih6i8fky0im4-php-pgsql-8.3.3",
              "default": true
            },
            {
              "name": "dev",
              "path": "/nix/store/j5d34vdiik69i16i6aswvy0fkiwgzip5-php-pgsql-8.3.3-dev"
            }
          ]
        },
        "x86_64-linux": {
          "outputs": [
            {
              "name": "out",
              "path": "/nix/store/g29i5hahnc9pgl9axrfn0alah34c09mn-php-pgsql-8.3.3",
              "default": true
            },
            {
              "name": "dev",
              "path": "/nix/store/z82wqxd1mp86rajpw0rh18pm1yxxwh92-php-pgsql-8.3.3-dev"
            }
          ]
        }
      }
    },
    "php@latest": {
      "last_modified": "2024-02-16T04:19:51Z",
      "plugin_version": "0.0.3",
      "resolved": "github:NixOS/nixpkgs/5e55f0bb65124b05d0a52e164514c03596023634#php83",
      "source": "devbox-search",
      "version": "8.3.3",
      "systems": {
        "aarch64-darwin": {
          "outputs": [
            {
              "name": "out",
              "path": "/nix/store/bv8bflifyqabsprqcb5mazjac6kg68xa-php-with-extensions-8.3.3",
              "default": true
            }
          ]
        },
        "aarch64-linux": {
          "outputs": [
            {
              "name": "out",
              "path": "/nix/store/a2i586p9b1blqgi576iazysqkhcbrprl-php-with-extensions-8.3.3",
              "default": true
            }
          ]
        },
        "x86_64-darwin": {
          "outputs": [
            {
              "name": "out",
              "path": "/nix/store/j3zxdajivi55ngc51p0658crvf4aps21-php-with-extensions-8.3.3",
              "default": true
            }
          ]
        },
        "x86_64-linux": {
          "outputs": [
            {
              "name": "out",
              "path": "/nix/store/0a0pxd336ldm8gir7ii3gii2jixbj8i5-php-with-extensions-8.3.3",
              "default": true
            }
          ]
        }
      }
    },
    "postgresql@14": {
      "last_modified": "2023-10-07T06:43:49Z",
      "plugin_version": "0.0.2",
      "resolved": "github:NixOS/nixpkgs/2de1be5b51c3d6fa833f1c1f222dc867dd054b31#postgresql",
      "source": "devbox-search",
      "version": "14.9",
      "systems": {
        "aarch64-darwin": {
          "outputs": [
            {
              "name": "out",
              "path": "/nix/store/fp6hphss6sm5r4bflhl35y9mfpl1hmqv-postgresql-14.9",
              "default": true
            },
            {
              "name": "man",
              "path": "/nix/store/hj2jh1sby6ph0p0bq8knaag0z0xdikk9-postgresql-14.9-man",
              "default": true
            },
            {
              "name": "doc",
              "path": "/nix/store/5gynfvivdgalrg6qjnxbq6f57337jp7w-postgresql-14.9-doc"
            },
            {
              "name": "lib",
              "path": "/nix/store/k03mgdwkv7c1mqw3a0flvssavlcl591q-postgresql-14.9-lib"
            }
          ]
        },
        "aarch64-linux": {
          "outputs": [
            {
              "name": "out",
              "path": "/nix/store/ijc70wkgbgc2l8y2va049wrdgrlxd6js-postgresql-14.9",
              "default": true
            },
            {
              "name": "man",
              "path": "/nix/store/hr1gf9vhlfqi2rh4wda7503rbvfwgkdq-postgresql-14.9-man",
              "default": true
            },
            {
              "name": "doc",
              "path": "/nix/store/cl22pfp2a5czkxddvqqnrm5yy48bh6qq-postgresql-14.9-doc"
            },
            {
              "name": "lib",
              "path": "/nix/store/p4g0yyfpi6aiz95b5cn2395ycf7cx1d4-postgresql-14.9-lib"
            },
            {
              "name": "debug",
              "path": "/nix/store/76vfkih7w8n6armwcg808i3ir2jic895-postgresql-14.9-debug"
            }
          ]
        },
        "x86_64-darwin": {
          "outputs": [
            {
              "name": "out",
              "path": "/nix/store/rbicral6k0rzk99wvmj1fd24qc2dc7g3-postgresql-14.9",
              "default": true
            },
            {
              "name": "man",
              "path": "/nix/store/df2fm6v5pvagj8a82a0nc97r994z9196-postgresql-14.9-man",
              "default": true
            },
            {
              "name": "doc",
              "path": "/nix/store/88k5icai872kgyhabh942x0ap8jikbc6-postgresql-14.9-doc"
            },
            {
              "name": "lib",
              "path": "/nix/store/n9fxydvar7gprry3al4j646kfka7wvmb-postgresql-14.9-lib"
            }
          ]
        },
        "x86_64-linux": {
          "outputs": [
            {
              "name": "out",
              "path": "/nix/store/ki3srrjjzqalvh0hd9lmqavp5v9wr9jp-postgresql-14.9",
              "default": true
            },
            {
              "name": "man",
              "path": "/nix/store/wsdkmkfs6xshzjqxv5g8s9yqdy0c3mqy-postgresql-14.9-man",
              "default": true
            },
            {
              "name": "debug",
              "path": "/nix/store/xpcrqqb44sm846fdmlnji54b8z0vg5sc-postgresql-14.9-debug"
            },
            {
              "name": "doc",
              "path": "/nix/store/97dp1s2dlxz3q6pbhwchqi2fr9ywj494-postgresql-14.9-doc"
            },
            {
              "name": "lib",
              "path": "/nix/store/sk7c7f10fxn7iypqgaaq9l0s9ipkk0mc-postgresql-14.9-lib"
            }
          ]
        }
      }
    }
  }
}
