{
  "lockfile_version": "1",
  "packages": {
    "bun@latest": {
      "last_modified": "2026-08-27T07:16:00Z",
      "resolved": "github:NixOS/nixpkgs/c27cdad491a991b11ed731760aa2ef8db0cb0410#bun",
      "source": "devbox-search",
      "version": "1.3.13",
      "systems": {
        "aarch64-darwin": {
          "outputs": [
            {
              "name": "out",
              "path": "/nix/store/r4svrxgw5kys9g187dzcaj8yvc6dzm65-bun-1.3.13",
              "default": true
            }
          ],
          "store_path": "/nix/store/r4svrxgw5kys9g187dzcaj8yvc6dzm65-bun-1.3.13"
        },
        "aarch64-linux": {
          "outputs": [
            {
              "name": "out",
              "path": "/nix/store/p9a0b8bh0iv9g1qszfvi9n2k7aj7ypyh-bun-1.3.13",
              "default": true
            }
          ],
          "store_path": "/nix/store/p9a0b8bh0iv9g1qszfvi9n2k7aj7ypyh-bun-1.3.13"
        },
        "x86_64-darwin": {
          "outputs": [
            {
              "name": "out",
              "path": "/nix/store/wn9cggwqflvqryxxb9xinl9iygndm8d9-bun-1.3.13",
              "default": true
            }
          ],
          "store_path": "/nix/store/wn9cggwqflvqryxxb9xinl9iygndm8d9-bun-1.3.13"
        },
        "x86_64-linux": {
          "outputs": [
            {
              "name": "out",
              "path": "/nix/store/gzh2rx2sjwra135my0jw3va49hm7z4vf-bun-1.3.13",
              "default": true
            }
          ],
          "store_path": "/nix/store/gzh2rx2sjwra135my0jw3va49hm7z4vf-bun-1.3.13"
        }
      }
    },
    "github:NixOS/nixpkgs/nixpkgs-unstable": {
      "last_modified": "2026-08-03T09:05:39Z",
      "resolved": "github:NixOS/nixpkgs/104240a772428cc2e20d8fd86c9ddbb886bbaff2?lastModified=1785747939&narHash=sha256-D740uKsMbgsfK2oaDenJLLPIZfq7W0%2Fg4KN%2FFls8eKs%3D"
    }
  }
}
