{
  "lockfile_version": "1",
  "packages": {
    "bun@latest": {
      "last_modified": "2026-05-21T08:15:18Z",
      "resolved": "github:NixOS/nixpkgs/4a29d733e8a7d5b824c3d8c958a946a9867b3eb2#bun",
      "source": "devbox-search",
      "version": "1.3.13",
      "systems": {
        "aarch64-darwin": {
          "outputs": [
            {
              "name": "out",
              "path": "/nix/store/jgl1hjr0cf6s32jcnqmkp44av4flamap-bun-1.3.13",
              "default": true
            }
          ],
          "store_path": "/nix/store/jgl1hjr0cf6s32jcnqmkp44av4flamap-bun-1.3.13"
        },
        "aarch64-linux": {
          "outputs": [
            {
              "name": "out",
              "path": "/nix/store/ywc7zrq5vr32ashfgc7dp84a2f3rzic6-bun-1.3.13",
              "default": true
            }
          ],
          "store_path": "/nix/store/ywc7zrq5vr32ashfgc7dp84a2f3rzic6-bun-1.3.13"
        },
        "x86_64-darwin": {
          "outputs": [
            {
              "name": "out",
              "path": "/nix/store/1nphhxm1h3pya9j86kql2gpsvy6nizr4-bun-1.3.13",
              "default": true
            }
          ],
          "store_path": "/nix/store/1nphhxm1h3pya9j86kql2gpsvy6nizr4-bun-1.3.13"
        },
        "x86_64-linux": {
          "outputs": [
            {
              "name": "out",
              "path": "/nix/store/z1cxjx705fswwjjns0sw2ysbd5jqxfgm-bun-1.3.13",
              "default": true
            }
          ],
          "store_path": "/nix/store/z1cxjx705fswwjjns0sw2ysbd5jqxfgm-bun-1.3.13"
        }
      }
    },
    "github:NixOS/nixpkgs/nixpkgs-unstable": {
      "last_modified": "2026-06-13T14:05:44Z",
      "resolved": "github:NixOS/nixpkgs/9f11f828c213641c2369a9f1fa31fe31557e3156?lastModified=1781359544&narHash=sha256-iUuzKQcyXvopYDDzFpMK5eQKP3WIJExYny2kJtbgUcE%3D"
    }
  }
}
