{
  "lockfile_version": "1",
  "packages": {
    "bundler@latest": {
      "last_modified": "2026-05-21T08:15:18Z",
      "resolved": "github:NixOS/nixpkgs/4a29d733e8a7d5b824c3d8c958a946a9867b3eb2#bundler",
      "source": "devbox-search",
      "version": "2.7.2",
      "systems": {
        "aarch64-darwin": {
          "outputs": [
            {
              "name": "out",
              "path": "/nix/store/pc8waj68cr4rgqfy5ivpq0amgnfmlycs-bundler-2.7.2",
              "default": true
            }
          ],
          "store_path": "/nix/store/pc8waj68cr4rgqfy5ivpq0amgnfmlycs-bundler-2.7.2"
        },
        "aarch64-linux": {
          "outputs": [
            {
              "name": "out",
              "path": "/nix/store/qlwnx5iiabdssx549jxsaa4cz5gw6mws-bundler-2.7.2",
              "default": true
            }
          ],
          "store_path": "/nix/store/qlwnx5iiabdssx549jxsaa4cz5gw6mws-bundler-2.7.2"
        },
        "x86_64-darwin": {
          "outputs": [
            {
              "name": "out",
              "path": "/nix/store/c1j3zk5iwdg8kw6i232r6n0gd1x4ff2p-bundler-2.7.2",
              "default": true
            }
          ],
          "store_path": "/nix/store/c1j3zk5iwdg8kw6i232r6n0gd1x4ff2p-bundler-2.7.2"
        },
        "x86_64-linux": {
          "outputs": [
            {
              "name": "out",
              "path": "/nix/store/h1mbxa2abvyhzwkvp6vdbm346k3spbda-bundler-2.7.2",
              "default": true
            }
          ],
          "store_path": "/nix/store/h1mbxa2abvyhzwkvp6vdbm346k3spbda-bundler-2.7.2"
        }
      }
    },
    "curl@latest": {
      "last_modified": "2025-12-05T15:03:55Z",
      "resolved": "github:NixOS/nixpkgs/a672be65651c80d3f592a89b3945466584a22069#curl",
      "source": "devbox-search",
      "version": "8.17.0",
      "systems": {
        "aarch64-darwin": {
          "outputs": [
            {
              "name": "bin",
              "path": "/nix/store/qfwqcndy8bji6xww0gizclf2nqi2qpph-curl-8.17.0-bin",
              "default": true
            },
            {
              "name": "man",
              "path": "/nix/store/rk815zvrhwzbi7c6d589v2mhxzyzb400-curl-8.17.0-man",
              "default": true
            },
            {
              "name": "dev",
              "path": "/nix/store/ydp55g2mbd6rk6lfw0krkk3jwgdiqj5d-curl-8.17.0-dev"
            },
            {
              "name": "devdoc",
              "path": "/nix/store/8s884m82fmrbiyz8malglqc4sd632dkc-curl-8.17.0-devdoc"
            },
            {
              "name": "out",
              "path": "/nix/store/yxv8fxaz0fyhc31dv3rz89kc50zw5hgj-curl-8.17.0"
            }
          ],
          "store_path": "/nix/store/qfwqcndy8bji6xww0gizclf2nqi2qpph-curl-8.17.0-bin"
        },
        "aarch64-linux": {
          "outputs": [
            {
              "name": "bin",
              "path": "/nix/store/4x19j6zihdl6pya63xs8g360f2r614sx-curl-8.17.0-bin",
              "default": true
            },
            {
              "name": "man",
              "path": "/nix/store/b29qbmbfvzkm34k0jnj8ykqg2gzj3rdy-curl-8.17.0-man",
              "default": true
            },
            {
              "name": "debug",
              "path": "/nix/store/5hmbdk99knmbg8b0fzh96bv6bkcf6v5i-curl-8.17.0-debug"
            },
            {
              "name": "dev",
              "path": "/nix/store/iqs9mjscns3h5npgkrhgr5xa7qzwd0si-curl-8.17.0-dev"
            },
            {
              "name": "devdoc",
              "path": "/nix/store/1fwncv08c8g78k3hj3cj375vx92ndrp8-curl-8.17.0-devdoc"
            },
            {
              "name": "out",
              "path": "/nix/store/b0a6qc92vybjiggh0kg387cg0zp3kl6j-curl-8.17.0"
            }
          ],
          "store_path": "/nix/store/4x19j6zihdl6pya63xs8g360f2r614sx-curl-8.17.0-bin"
        },
        "x86_64-darwin": {
          "outputs": [
            {
              "name": "bin",
              "path": "/nix/store/w2336wv560g1n58cwashmmczdn3bfkq1-curl-8.17.0-bin",
              "default": true
            },
            {
              "name": "man",
              "path": "/nix/store/i6xmhcan8g4abda7ivv20nvwxrsssjqj-curl-8.17.0-man",
              "default": true
            },
            {
              "name": "devdoc",
              "path": "/nix/store/ipa7v9z7pjcnnv0fmdya1fldcxv0a28z-curl-8.17.0-devdoc"
            },
            {
              "name": "out",
              "path": "/nix/store/x9gyg634fi8mgcyay9mqa1ral7xg72fm-curl-8.17.0"
            },
            {
              "name": "dev",
              "path": "/nix/store/39zfdgq9kg3mb4sycf8pj4pdssrzki6c-curl-8.17.0-dev"
            }
          ],
          "store_path": "/nix/store/w2336wv560g1n58cwashmmczdn3bfkq1-curl-8.17.0-bin"
        },
        "x86_64-linux": {
          "outputs": [
            {
              "name": "bin",
              "path": "/nix/store/0rfz69vp1nl0q2hxzig20hc60sk72z62-curl-8.17.0-bin",
              "default": true
            },
            {
              "name": "man",
              "path": "/nix/store/ijd0yybyzwm98d3q6x7a9cyixgxk0i5d-curl-8.17.0-man",
              "default": true
            },
            {
              "name": "debug",
              "path": "/nix/store/h1fxw0xrifxvbhcp7b8hxsgirxxxfzav-curl-8.17.0-debug"
            },
            {
              "name": "dev",
              "path": "/nix/store/ikmdk37frjdblkba3wl3xws2wwgln17x-curl-8.17.0-dev"
            },
            {
              "name": "devdoc",
              "path": "/nix/store/jm6irg81cc0hqg43l39lkxr6pb0w2xk5-curl-8.17.0-devdoc"
            },
            {
              "name": "out",
              "path": "/nix/store/8idis3j5l13c3x74jl8xly0k4qyk9mx6-curl-8.17.0"
            }
          ],
          "store_path": "/nix/store/0rfz69vp1nl0q2hxzig20hc60sk72z62-curl-8.17.0-bin"
        }
      }
    },
    "github:NixOS/nixpkgs/nixpkgs-unstable": {
      "last_modified": "2026-06-13T14:05:44Z",
      "resolved": "github:NixOS/nixpkgs/9f11f828c213641c2369a9f1fa31fe31557e3156?lastModified=1781359544&narHash=sha256-iUuzKQcyXvopYDDzFpMK5eQKP3WIJExYny2kJtbgUcE%3D"
    },
    "libyaml@latest": {
      "last_modified": "2026-05-21T08:15:18Z",
      "resolved": "github:NixOS/nixpkgs/4a29d733e8a7d5b824c3d8c958a946a9867b3eb2#libyaml",
      "source": "devbox-search",
      "version": "0.2.5",
      "systems": {
        "aarch64-darwin": {
          "outputs": [
            {
              "name": "out",
              "path": "/nix/store/za59wqpzpincp6fvsf7jvgr5895czjvv-libyaml-0.2.5",
              "default": true
            },
            {
              "name": "dev",
              "path": "/nix/store/s3pka3rg9fi4wmrw8md68fhi555q6dcl-libyaml-0.2.5-dev"
            }
          ],
          "store_path": "/nix/store/za59wqpzpincp6fvsf7jvgr5895czjvv-libyaml-0.2.5"
        },
        "aarch64-linux": {
          "outputs": [
            {
              "name": "out",
              "path": "/nix/store/87grr3wnf55mvdiwrfb7bd9k5d1f9bq5-libyaml-0.2.5",
              "default": true
            },
            {
              "name": "dev",
              "path": "/nix/store/kw8zdpx1ld2dy48iz2yq2xdvfm8cdsgv-libyaml-0.2.5-dev"
            }
          ],
          "store_path": "/nix/store/87grr3wnf55mvdiwrfb7bd9k5d1f9bq5-libyaml-0.2.5"
        },
        "x86_64-darwin": {
          "outputs": [
            {
              "name": "out",
              "path": "/nix/store/bbfkrgq2lz030cbbawjmn7vbnsylql7c-libyaml-0.2.5",
              "default": true
            },
            {
              "name": "dev",
              "path": "/nix/store/liksd001gkvwy37jdfa4y1xa2f1nzghm-libyaml-0.2.5-dev"
            }
          ],
          "store_path": "/nix/store/bbfkrgq2lz030cbbawjmn7vbnsylql7c-libyaml-0.2.5"
        },
        "x86_64-linux": {
          "outputs": [
            {
              "name": "out",
              "path": "/nix/store/phzxi1l7gcm9slvikj9w4yswd89hi14x-libyaml-0.2.5",
              "default": true
            },
            {
              "name": "dev",
              "path": "/nix/store/mmxarzrpbxccr4djwar95qbc3nvcx55w-libyaml-0.2.5-dev"
            }
          ],
          "store_path": "/nix/store/phzxi1l7gcm9slvikj9w4yswd89hi14x-libyaml-0.2.5"
        }
      }
    },
    "nodejs@latest": {
      "last_modified": "2026-06-01T17:55:45Z",
      "plugin_version": "0.0.3",
      "resolved": "github:NixOS/nixpkgs/4df1b885d76a54e1aa1a318f8d16fd6005b6401f#nodejs_26",
      "source": "devbox-search",
      "version": "26.3.0",
      "systems": {
        "aarch64-darwin": {
          "outputs": [
            {
              "name": "out",
              "path": "/nix/store/nfh1lwb8b42nn64wh8vwnjqpz2swr1vj-nodejs-26.3.0",
              "default": true
            }
          ],
          "store_path": "/nix/store/nfh1lwb8b42nn64wh8vwnjqpz2swr1vj-nodejs-26.3.0"
        },
        "aarch64-linux": {
          "outputs": [
            {
              "name": "out",
              "path": "/nix/store/f4mq152z1j84c7aj1h6w4gwa3mwvbk3z-nodejs-26.3.0",
              "default": true
            }
          ],
          "store_path": "/nix/store/f4mq152z1j84c7aj1h6w4gwa3mwvbk3z-nodejs-26.3.0"
        },
        "x86_64-darwin": {
          "outputs": [
            {
              "name": "out",
              "path": "/nix/store/24psmxnybpswr7r21vrdca2lji15rfjl-nodejs-26.3.0",
              "default": true
            }
          ],
          "store_path": "/nix/store/24psmxnybpswr7r21vrdca2lji15rfjl-nodejs-26.3.0"
        },
        "x86_64-linux": {
          "outputs": [
            {
              "name": "out",
              "path": "/nix/store/nk72hijagb0yc9rax5rr4gw8mpvmq7vw-nodejs-26.3.0",
              "default": true
            }
          ],
          "store_path": "/nix/store/nk72hijagb0yc9rax5rr4gw8mpvmq7vw-nodejs-26.3.0"
        }
      }
    },
    "pkg-config@latest": {
      "last_modified": "2025-11-23T21:50:36Z",
      "resolved": "github:NixOS/nixpkgs/ee09932cedcef15aaf476f9343d1dea2cb77e261#pkg-config",
      "source": "devbox-search",
      "version": "0.29.2",
      "systems": {
        "aarch64-darwin": {
          "outputs": [
            {
              "name": "out",
              "path": "/nix/store/hygaaqwk9ylklp0ybwppqhw75nz8ya41-pkg-config-wrapper-0.29.2",
              "default": true
            },
            {
              "name": "man",
              "path": "/nix/store/9px0sji43x3r2w4zxl3j3idwsql7lwxx-pkg-config-wrapper-0.29.2-man",
              "default": true
            },
            {
              "name": "doc",
              "path": "/nix/store/hqk44ra6qxw7iixardl6c3hdgb9kq6ns-pkg-config-wrapper-0.29.2-doc"
            }
          ],
          "store_path": "/nix/store/hygaaqwk9ylklp0ybwppqhw75nz8ya41-pkg-config-wrapper-0.29.2"
        },
        "aarch64-linux": {
          "outputs": [
            {
              "name": "out",
              "path": "/nix/store/lbiigi8qbp7mzf1lpr7p982l1kyf01ql-pkg-config-wrapper-0.29.2",
              "default": true
            },
            {
              "name": "man",
              "path": "/nix/store/10060k24qggqyzlwdsfmni9y32zxcg0j-pkg-config-wrapper-0.29.2-man",
              "default": true
            },
            {
              "name": "doc",
              "path": "/nix/store/0y4v51ndpyvkj09hwlfqkz0c3h17zfmc-pkg-config-wrapper-0.29.2-doc"
            }
          ],
          "store_path": "/nix/store/lbiigi8qbp7mzf1lpr7p982l1kyf01ql-pkg-config-wrapper-0.29.2"
        },
        "x86_64-darwin": {
          "outputs": [
            {
              "name": "out",
              "path": "/nix/store/vknadizq0q5kffvx6y4379p9gdry9zq3-pkg-config-wrapper-0.29.2",
              "default": true
            },
            {
              "name": "man",
              "path": "/nix/store/1nyspra675q22gfhf7hn2nmfpi6rgim5-pkg-config-wrapper-0.29.2-man",
              "default": true
            },
            {
              "name": "doc",
              "path": "/nix/store/7lq1axxwrafwljs06n88bzyz9w523rkc-pkg-config-wrapper-0.29.2-doc"
            }
          ],
          "store_path": "/nix/store/vknadizq0q5kffvx6y4379p9gdry9zq3-pkg-config-wrapper-0.29.2"
        },
        "x86_64-linux": {
          "outputs": [
            {
              "name": "out",
              "path": "/nix/store/8vdiwpbh0g4avsd6x5v4s0di32vcl3dp-pkg-config-wrapper-0.29.2",
              "default": true
            },
            {
              "name": "man",
              "path": "/nix/store/j9xfpnrygg3v37svc5pfin9q5bm49r94-pkg-config-wrapper-0.29.2-man",
              "default": true
            },
            {
              "name": "doc",
              "path": "/nix/store/x3bypxdxaq20kykybhkf21x4jczsiy8y-pkg-config-wrapper-0.29.2-doc"
            }
          ],
          "store_path": "/nix/store/8vdiwpbh0g4avsd6x5v4s0di32vcl3dp-pkg-config-wrapper-0.29.2"
        }
      }
    },
    "ruby@latest": {
      "last_modified": "2026-05-21T08:15:18Z",
      "plugin_version": "0.0.2",
      "resolved": "github:NixOS/nixpkgs/4a29d733e8a7d5b824c3d8c958a946a9867b3eb2#ruby_4_0",
      "source": "devbox-search",
      "version": "4.0.5",
      "systems": {
        "aarch64-darwin": {
          "outputs": [
            {
              "name": "out",
              "path": "/nix/store/107gs409cq23m3gqpli0p8s3g8q4gr8j-ruby-4.0.5",
              "default": true
            },
            {
              "name": "devdoc",
              "path": "/nix/store/vscmsxym5r2wa7pn0ajfpx0sxgcfpnlk-ruby-4.0.5-devdoc"
            }
          ],
          "store_path": "/nix/store/107gs409cq23m3gqpli0p8s3g8q4gr8j-ruby-4.0.5"
        },
        "aarch64-linux": {
          "outputs": [
            {
              "name": "out",
              "path": "/nix/store/m77ph75vq312phc61bbpqsawks5m4r0m-ruby-4.0.5",
              "default": true
            },
            {
              "name": "devdoc",
              "path": "/nix/store/g37cmla5g1b1i3yd4pcywhcc9lagv493-ruby-4.0.5-devdoc"
            }
          ],
          "store_path": "/nix/store/m77ph75vq312phc61bbpqsawks5m4r0m-ruby-4.0.5"
        },
        "x86_64-darwin": {
          "outputs": [
            {
              "name": "out",
              "path": "/nix/store/98aijlkif84j14bhn97l1xy1l7l7rkmy-ruby-4.0.5",
              "default": true
            },
            {
              "name": "devdoc",
              "path": "/nix/store/xf1ypiz4p3myn4yd5k1nsjsmhvm5r11m-ruby-4.0.5-devdoc"
            }
          ],
          "store_path": "/nix/store/98aijlkif84j14bhn97l1xy1l7l7rkmy-ruby-4.0.5"
        },
        "x86_64-linux": {
          "outputs": [
            {
              "name": "out",
              "path": "/nix/store/svh0y2m2z99gldl7rfaf4zdphw0j6qpg-ruby-4.0.5",
              "default": true
            },
            {
              "name": "devdoc",
              "path": "/nix/store/zi7giii8xahdmghjnd42mff0ms4vg709-ruby-4.0.5-devdoc"
            }
          ],
          "store_path": "/nix/store/svh0y2m2z99gldl7rfaf4zdphw0j6qpg-ruby-4.0.5"
        }
      }
    },
    "sqlite@latest": {
      "last_modified": "2026-06-08T15:01:26Z",
      "resolved": "github:NixOS/nixpkgs/8c3cede7ddc26bd659d2d383b5610efbd2c7a16e#sqlite",
      "source": "devbox-search",
      "version": "3.51.2",
      "systems": {
        "aarch64-darwin": {
          "outputs": [
            {
              "name": "bin",
              "path": "/nix/store/0hzmsbn5h50x7iyz1h5svbr68hppyicy-sqlite-3.51.2-bin",
              "default": true
            },
            {
              "name": "man",
              "path": "/nix/store/qphw01l88sf9qh98rmjcd7g8bli39n8p-sqlite-3.51.2-man",
              "default": true
            },
            {
              "name": "dev",
              "path": "/nix/store/hkyi5gi52z06hyfpcr73pc0wxdm2hx22-sqlite-3.51.2-dev"
            },
            {
              "name": "doc",
              "path": "/nix/store/x2i30lzzwyscg9z3sir0ykx818npi760-sqlite-3.51.2-doc"
            },
            {
              "name": "out",
              "path": "/nix/store/dv84ssvw208w1h2qmak900apymwggm5f-sqlite-3.51.2"
            }
          ],
          "store_path": "/nix/store/0hzmsbn5h50x7iyz1h5svbr68hppyicy-sqlite-3.51.2-bin"
        },
        "aarch64-linux": {
          "outputs": [
            {
              "name": "bin",
              "path": "/nix/store/p3iz4w8ng3azif27cphwr26074bivii1-sqlite-3.51.2-bin",
              "default": true
            },
            {
              "name": "man",
              "path": "/nix/store/xv8q7a8pw2k4zkrxcs80zdcvvf6n91m8-sqlite-3.51.2-man",
              "default": true
            },
            {
              "name": "debug",
              "path": "/nix/store/92njfjkiz3wx3sjm99phcxy156rfl1il-sqlite-3.51.2-debug"
            },
            {
              "name": "dev",
              "path": "/nix/store/cwvwakwfva19djhmcaw4jwngndg73dsn-sqlite-3.51.2-dev"
            },
            {
              "name": "doc",
              "path": "/nix/store/m5va83dwh5aqzfazdjaq7ccngplbb6pk-sqlite-3.51.2-doc"
            },
            {
              "name": "out",
              "path": "/nix/store/21n4shvipqcp9cdznjbj2y52z0kkjlf3-sqlite-3.51.2"
            }
          ],
          "store_path": "/nix/store/p3iz4w8ng3azif27cphwr26074bivii1-sqlite-3.51.2-bin"
        },
        "x86_64-darwin": {
          "outputs": [
            {
              "name": "bin",
              "path": "/nix/store/p1gc2yzkv9940phryxbv4qlb3ia9nshv-sqlite-3.51.2-bin",
              "default": true
            },
            {
              "name": "man",
              "path": "/nix/store/2ljcabmwvfrpgma42nr2sq64qyqni05b-sqlite-3.51.2-man",
              "default": true
            },
            {
              "name": "dev",
              "path": "/nix/store/4n81ivpa1wk2blrhz5d53hzdnz3cizx2-sqlite-3.51.2-dev"
            },
            {
              "name": "doc",
              "path": "/nix/store/ak41pb3i4iyqpxv4sfacwfrq60awvhml-sqlite-3.51.2-doc"
            },
            {
              "name": "out",
              "path": "/nix/store/h0rm8dk8ixjna1z6dmhl2qyllhjmfijx-sqlite-3.51.2"
            }
          ],
          "store_path": "/nix/store/p1gc2yzkv9940phryxbv4qlb3ia9nshv-sqlite-3.51.2-bin"
        },
        "x86_64-linux": {
          "outputs": [
            {
              "name": "bin",
              "path": "/nix/store/jl35p88sb0jjm11sr2p9v37q6hm3c6pm-sqlite-3.51.2-bin",
              "default": true
            },
            {
              "name": "man",
              "path": "/nix/store/i4jxf27jfv2hrj68m2b3qy5b9q27p9xj-sqlite-3.51.2-man",
              "default": true
            },
            {
              "name": "dev",
              "path": "/nix/store/vyd6g9viqafhzr97dq8zsbksdf4w5avm-sqlite-3.51.2-dev"
            },
            {
              "name": "doc",
              "path": "/nix/store/bc6wa5rbapbam6vq11kishrh8yg48zxj-sqlite-3.51.2-doc"
            },
            {
              "name": "out",
              "path": "/nix/store/yg1gv8db04ldrnmdhykq8zjqqg6pg5kd-sqlite-3.51.2"
            },
            {
              "name": "debug",
              "path": "/nix/store/anbrfwxcbxj6y2n541mnazq5ijsa44bk-sqlite-3.51.2-debug"
            }
          ],
          "store_path": "/nix/store/jl35p88sb0jjm11sr2p9v37q6hm3c6pm-sqlite-3.51.2-bin"
        }
      }
    },
    "yarn@latest": {
      "last_modified": "2026-05-21T08:15:18Z",
      "resolved": "github:NixOS/nixpkgs/4a29d733e8a7d5b824c3d8c958a946a9867b3eb2#yarn",
      "source": "devbox-search",
      "version": "1.22.22",
      "systems": {
        "aarch64-darwin": {
          "outputs": [
            {
              "name": "out",
              "path": "/nix/store/lqy5dclc9x809r5hd474sa8pr904205b-yarn-1.22.22",
              "default": true
            }
          ],
          "store_path": "/nix/store/lqy5dclc9x809r5hd474sa8pr904205b-yarn-1.22.22"
        },
        "aarch64-linux": {
          "outputs": [
            {
              "name": "out",
              "path": "/nix/store/q12qjvf4g8zxpw2dd0pbw2cxv2bk608q-yarn-1.22.22",
              "default": true
            }
          ],
          "store_path": "/nix/store/q12qjvf4g8zxpw2dd0pbw2cxv2bk608q-yarn-1.22.22"
        },
        "x86_64-darwin": {
          "outputs": [
            {
              "name": "out",
              "path": "/nix/store/y972fn9z79dhgmv1zwl6zahjh2x80vl6-yarn-1.22.22",
              "default": true
            }
          ],
          "store_path": "/nix/store/y972fn9z79dhgmv1zwl6zahjh2x80vl6-yarn-1.22.22"
        },
        "x86_64-linux": {
          "outputs": [
            {
              "name": "out",
              "path": "/nix/store/ih3inzyxsw3ls23zs2zcrjnn1k1jvygm-yarn-1.22.22",
              "default": true
            }
          ],
          "store_path": "/nix/store/ih3inzyxsw3ls23zs2zcrjnn1k1jvygm-yarn-1.22.22"
        }
      }
    }
  }
}
