{
  "lockfile_version": "1",
  "packages": {
    "github:NixOS/nixpkgs/nixpkgs-unstable": {
      "last_modified": "2025-09-01T03:15:32Z",
      "resolved": "github:NixOS/nixpkgs/58dcbf1ec551914c3756c267b8b9c8c86baa1b2f?lastModified=1756696532&narHash=sha256-6FWagzm0b7I%2FIGigOv9pr6LL7NQ86mextfE8g8Q6HBg%3D"
    },
    "poetry@latest": {
      "last_modified": "2025-08-11T23:54:17Z",
      "plugin_version": "0.0.4",
      "resolved": "github:NixOS/nixpkgs/5a983011e0f4b3b286aaa73e011ce32b1449a528#poetry",
      "source": "devbox-search",
      "version": "2.1.4",
      "systems": {
        "aarch64-darwin": {
          "outputs": [
            {
              "name": "out",
              "path": "/nix/store/40wdkwvhgyak26dvm7nvk79sazsp70p0-python3.13-poetry-2.1.4",
              "default": true
            },
            {
              "name": "dist",
              "path": "/nix/store/pqnpbi6kfcgpliwlw3d07n73iwd4zq10-python3.13-poetry-2.1.4-dist"
            }
          ],
          "store_path": "/nix/store/40wdkwvhgyak26dvm7nvk79sazsp70p0-python3.13-poetry-2.1.4"
        },
        "aarch64-linux": {
          "outputs": [
            {
              "name": "out",
              "path": "/nix/store/1wcnin7zb7p3kgb0a5rdr123k1zm5m79-python3.13-poetry-2.1.4",
              "default": true
            },
            {
              "name": "dist",
              "path": "/nix/store/x1y9vaw30ibdsp0c3q4k6kb9lsy125ah-python3.13-poetry-2.1.4-dist"
            }
          ],
          "store_path": "/nix/store/1wcnin7zb7p3kgb0a5rdr123k1zm5m79-python3.13-poetry-2.1.4"
        },
        "x86_64-darwin": {
          "outputs": [
            {
              "name": "out",
              "path": "/nix/store/ag8lzpbpacp6jfy7z7wjnkwbfic1ikms-python3.13-poetry-2.1.4",
              "default": true
            },
            {
              "name": "dist",
              "path": "/nix/store/4hjin62zaapxgysj7z72729s6ww7wk00-python3.13-poetry-2.1.4-dist"
            }
          ],
          "store_path": "/nix/store/ag8lzpbpacp6jfy7z7wjnkwbfic1ikms-python3.13-poetry-2.1.4"
        },
        "x86_64-linux": {
          "outputs": [
            {
              "name": "out",
              "path": "/nix/store/0in2k6jizc97cw3w4yivn2v3nipplfrb-python3.13-poetry-2.1.4",
              "default": true
            },
            {
              "name": "dist",
              "path": "/nix/store/k5hi65p5y654wi6llza3azcz1xx0l7i5-python3.13-poetry-2.1.4-dist"
            }
          ],
          "store_path": "/nix/store/0in2k6jizc97cw3w4yivn2v3nipplfrb-python3.13-poetry-2.1.4"
        }
      }
    }
  }
}
