{
  "lockfile_version": "1",
  "packages": {
    "binutils@latest": {
      "last_modified": "2026-05-21T08:15:18Z",
      "resolved": "github:NixOS/nixpkgs/4a29d733e8a7d5b824c3d8c958a946a9867b3eb2#binutils",
      "source": "devbox-search",
      "version": "2.46",
      "systems": {
        "aarch64-darwin": {
          "outputs": [
            {
              "name": "out",
              "path": "/nix/store/23w8np8g4zn7hamxzvjvkx3imb953pal-binutils-wrapper-2.46",
              "default": true
            },
            {
              "name": "man",
              "path": "/nix/store/5ynpn02ggpxzqqwlg65hyhd86w4011al-binutils-wrapper-2.46-man",
              "default": true
            },
            {
              "name": "info",
              "path": "/nix/store/g6balk9c1p522zzl4nfc7pxnsglyn9rm-binutils-wrapper-2.46-info"
            }
          ],
          "store_path": "/nix/store/23w8np8g4zn7hamxzvjvkx3imb953pal-binutils-wrapper-2.46"
        },
        "aarch64-linux": {
          "outputs": [
            {
              "name": "out",
              "path": "/nix/store/80qdvnjd83wlh75pds2mp21h9l3a7ny7-binutils-wrapper-2.46",
              "default": true
            },
            {
              "name": "man",
              "path": "/nix/store/h1fmpvqhryyb5aipjzlppgr27i7w1nmr-binutils-wrapper-2.46-man",
              "default": true
            },
            {
              "name": "info",
              "path": "/nix/store/9w0q0i5mhz1j5bhdi41v2shv9hd02h6v-binutils-wrapper-2.46-info"
            }
          ],
          "store_path": "/nix/store/80qdvnjd83wlh75pds2mp21h9l3a7ny7-binutils-wrapper-2.46"
        },
        "x86_64-darwin": {
          "outputs": [
            {
              "name": "out",
              "path": "/nix/store/vfw0rx7ag6yhv4cffc7chn2w70305mvn-binutils-wrapper-2.46",
              "default": true
            },
            {
              "name": "man",
              "path": "/nix/store/hykmjaa37w1lzhy51v5ja2z1ih2fgw81-binutils-wrapper-2.46-man",
              "default": true
            },
            {
              "name": "info",
              "path": "/nix/store/mh2frifm5d0fqp7fj7abwq044gldbkan-binutils-wrapper-2.46-info"
            }
          ],
          "store_path": "/nix/store/vfw0rx7ag6yhv4cffc7chn2w70305mvn-binutils-wrapper-2.46"
        },
        "x86_64-linux": {
          "outputs": [
            {
              "name": "out",
              "path": "/nix/store/mbyy19mdwnfvfwmdi0gqgggx0njvpl1w-binutils-wrapper-2.46",
              "default": true
            },
            {
              "name": "man",
              "path": "/nix/store/8zd61mzpnwpq1x9p45w9ifii7rpxgrq7-binutils-wrapper-2.46-man",
              "default": true
            },
            {
              "name": "info",
              "path": "/nix/store/mlfnw3b798bj39i25nn145kdyrxsirwp-binutils-wrapper-2.46-info"
            }
          ],
          "store_path": "/nix/store/mbyy19mdwnfvfwmdi0gqgggx0njvpl1w-binutils-wrapper-2.46"
        }
      }
    },
    "github:NixOS/nixpkgs/nixpkgs-unstable": {
      "last_modified": "2026-06-13T14:05:44Z",
      "resolved": "github:NixOS/nixpkgs/9f11f828c213641c2369a9f1fa31fe31557e3156?lastModified=1781359544&narHash=sha256-iUuzKQcyXvopYDDzFpMK5eQKP3WIJExYny2kJtbgUcE%3D"
    },
    "jdk@19": {
      "last_modified": "2024-07-31T08:48:38Z",
      "resolved": "github:NixOS/nixpkgs/c3392ad349a5227f4a3464dce87bcc5046692fce#jdk19",
      "source": "devbox-search",
      "version": "19-ga",
      "systems": {
        "aarch64-linux": {
          "outputs": [
            {
              "name": "out",
              "path": "/nix/store/d9zlyr1qmkfc0k5wd5rfslzi7dii993r-openjdk-19-ga",
              "default": true
            },
            {
              "name": "debug",
              "path": "/nix/store/ik9y5b5xn23s97prygy7dachy80my5cj-openjdk-19-ga-debug"
            }
          ],
          "store_path": "/nix/store/d9zlyr1qmkfc0k5wd5rfslzi7dii993r-openjdk-19-ga"
        },
        "x86_64-linux": {
          "outputs": [
            {
              "name": "out",
              "path": "/nix/store/pa2q5fk7ws1117mmisrzzrpag540jin8-openjdk-19-ga",
              "default": true
            },
            {
              "name": "debug",
              "path": "/nix/store/nkq5ciw3vx8394ipp7fqymqlr5yrscf7-openjdk-19-ga-debug"
            }
          ],
          "store_path": "/nix/store/pa2q5fk7ws1117mmisrzzrpag540jin8-openjdk-19-ga"
        }
      }
    },
    "maven@latest": {
      "last_modified": "2026-05-21T08:15:18Z",
      "resolved": "github:NixOS/nixpkgs/4a29d733e8a7d5b824c3d8c958a946a9867b3eb2#maven",
      "source": "devbox-search",
      "version": "3.9.12",
      "systems": {
        "aarch64-darwin": {
          "outputs": [
            {
              "name": "out",
              "path": "/nix/store/ihsrikvwhnz9imvqzlgmgajc1i88phdq-maven-3.9.12",
              "default": true
            }
          ],
          "store_path": "/nix/store/ihsrikvwhnz9imvqzlgmgajc1i88phdq-maven-3.9.12"
        },
        "aarch64-linux": {
          "outputs": [
            {
              "name": "out",
              "path": "/nix/store/5mmm91ljxfhkniscl8fspngizmq576qx-maven-3.9.12",
              "default": true
            }
          ],
          "store_path": "/nix/store/5mmm91ljxfhkniscl8fspngizmq576qx-maven-3.9.12"
        },
        "x86_64-darwin": {
          "outputs": [
            {
              "name": "out",
              "path": "/nix/store/nbhqg5sn1903p2gccby5wn76ylh56nr4-maven-3.9.12",
              "default": true
            }
          ],
          "store_path": "/nix/store/nbhqg5sn1903p2gccby5wn76ylh56nr4-maven-3.9.12"
        },
        "x86_64-linux": {
          "outputs": [
            {
              "name": "out",
              "path": "/nix/store/pfi6mjf7mi0hl0nzlbipdsycfq0z22p3-maven-3.9.12",
              "default": true
            }
          ],
          "store_path": "/nix/store/pfi6mjf7mi0hl0nzlbipdsycfq0z22p3-maven-3.9.12"
        }
      }
    }
  }
}
