{
  "lockfile_version": "1",
  "packages": {
    "github:NixOS/nixpkgs/nixpkgs-unstable": {
      "last_modified": "2026-08-03T09:05:39Z",
      "resolved": "github:NixOS/nixpkgs/104240a772428cc2e20d8fd86c9ddbb886bbaff2?lastModified=1785747939&narHash=sha256-D740uKsMbgsfK2oaDenJLLPIZfq7W0%2Fg4KN%2FFls8eKs%3D"
    },
    "glibcLocales@latest": {
      "last_modified": "2026-08-27T07:16:00Z",
      "resolved": "github:NixOS/nixpkgs/c27cdad491a991b11ed731760aa2ef8db0cb0410#glibcLocales",
      "source": "devbox-search",
      "version": "2.42-84",
      "systems": {
        "aarch64-linux": {
          "outputs": [
            {
              "name": "out",
              "path": "/nix/store/iacrshzwi3r6k7jr98p94v3naji51f04-glibc-locales-2.42-84",
              "default": true
            }
          ],
          "store_path": "/nix/store/iacrshzwi3r6k7jr98p94v3naji51f04-glibc-locales-2.42-84"
        },
        "x86_64-linux": {
          "outputs": [
            {
              "name": "out",
              "path": "/nix/store/f65j04fnffn1wb67s11m8mhghf3xzpc1-glibc-locales-2.42-84",
              "default": true
            }
          ],
          "store_path": "/nix/store/f65j04fnffn1wb67s11m8mhghf3xzpc1-glibc-locales-2.42-84"
        }
      }
    },
    "openssl@latest": {
      "last_modified": "2025-12-05T06:24:47Z",
      "resolved": "github:NixOS/nixpkgs/42e29df35be6ef54091d3a3b4e97056ce0a98ce8#openssl",
      "source": "devbox-search",
      "version": "3.6.0",
      "systems": {
        "aarch64-darwin": {
          "outputs": [
            {
              "name": "bin",
              "path": "/nix/store/z9prisxci5h5lsk3rdknd4jzq7k9q13d-openssl-3.6.0-bin",
              "default": true
            },
            {
              "name": "man",
              "path": "/nix/store/ii9mnzr3i92mgk9dkgg65739mavd0j6f-openssl-3.6.0-man",
              "default": true
            },
            {
              "name": "dev",
              "path": "/nix/store/h0qgqik0mk0wn7rmm2kk3grfi1wzly74-openssl-3.6.0-dev"
            },
            {
              "name": "doc",
              "path": "/nix/store/yx3ip21fdaaxpjn5fbir02mqnaw9cm4f-openssl-3.6.0-doc"
            },
            {
              "name": "out",
              "path": "/nix/store/3z54dgks2mz3dhwddj158sdibll8xmq5-openssl-3.6.0"
            }
          ],
          "store_path": "/nix/store/z9prisxci5h5lsk3rdknd4jzq7k9q13d-openssl-3.6.0-bin"
        },
        "aarch64-linux": {
          "outputs": [
            {
              "name": "bin",
              "path": "/nix/store/wb6q44n9kcb5acmaa4rgqsajadx1fhhl-openssl-3.6.0-bin",
              "default": true
            },
            {
              "name": "man",
              "path": "/nix/store/c9n1alb7ypzjvzd47m16fiwfczz23qs3-openssl-3.6.0-man",
              "default": true
            },
            {
              "name": "debug",
              "path": "/nix/store/ci6d4k1sj4bnr892lsrqqmjiihqsk0bl-openssl-3.6.0-debug"
            },
            {
              "name": "dev",
              "path": "/nix/store/pq8b7fb3282g68pmk14mbyi20qn6chid-openssl-3.6.0-dev"
            },
            {
              "name": "doc",
              "path": "/nix/store/vaplp6w56dyz38986bgkf0pbg3r486b2-openssl-3.6.0-doc"
            },
            {
              "name": "out",
              "path": "/nix/store/nj50gkyx813dxvfmsg1q8m330hmf3h86-openssl-3.6.0"
            }
          ],
          "store_path": "/nix/store/wb6q44n9kcb5acmaa4rgqsajadx1fhhl-openssl-3.6.0-bin"
        },
        "x86_64-darwin": {
          "outputs": [
            {
              "name": "bin",
              "path": "/nix/store/m3xwn9n0jypwjgi256idfzs979g30j29-openssl-3.6.0-bin",
              "default": true
            },
            {
              "name": "man",
              "path": "/nix/store/hw43f3y1vl7ydrd4samnwnrwqqwkpisv-openssl-3.6.0-man",
              "default": true
            },
            {
              "name": "dev",
              "path": "/nix/store/dirjrfjk8jgsbdpslgb51cav6qaxn2vm-openssl-3.6.0-dev"
            },
            {
              "name": "doc",
              "path": "/nix/store/va1zhkz0nfmycvd0h239hi4w40qgaxcx-openssl-3.6.0-doc"
            },
            {
              "name": "out",
              "path": "/nix/store/q9a4wssx24xsy28w8kifdqizc01fh7sc-openssl-3.6.0"
            }
          ],
          "store_path": "/nix/store/m3xwn9n0jypwjgi256idfzs979g30j29-openssl-3.6.0-bin"
        },
        "x86_64-linux": {
          "outputs": [
            {
              "name": "bin",
              "path": "/nix/store/k0gl1zc7f5hk87lylxwbipb0b870bcmk-openssl-3.6.0-bin",
              "default": true
            },
            {
              "name": "man",
              "path": "/nix/store/a9jdl6xq9fc98ykpvqmc9kf0b0j9y8wh-openssl-3.6.0-man",
              "default": true
            },
            {
              "name": "debug",
              "path": "/nix/store/sqv8kbdgfxlr2d6nysr8c2715qpsi6f5-openssl-3.6.0-debug"
            },
            {
              "name": "dev",
              "path": "/nix/store/ydrckgnllgg8nmhdwni81h7xhcpnrlhd-openssl-3.6.0-dev"
            },
            {
              "name": "doc",
              "path": "/nix/store/cgp9ig35iwicfb9spcrgyg2m5dmlcgrv-openssl-3.6.0-doc"
            },
            {
              "name": "out",
              "path": "/nix/store/61i74yjkj9p1qphfl7018ja4sdwkipx0-openssl-3.6.0"
            }
          ],
          "store_path": "/nix/store/k0gl1zc7f5hk87lylxwbipb0b870bcmk-openssl-3.6.0-bin"
        }
      }
    },
    "postgresql@latest": {
      "last_modified": "2026-08-29T00:50:12Z",
      "plugin_version": "0.0.2",
      "resolved": "github:NixOS/nixpkgs/e8be7818e19ada32105a8af937a6a473b38167ca#postgresql",
      "source": "devbox-search",
      "version": "18.6",
      "systems": {
        "aarch64-darwin": {
          "outputs": [
            {
              "name": "out",
              "path": "/nix/store/zndqgdxn4p28iyax8raza3pfn7lkjw64-postgresql-18.6",
              "default": true
            },
            {
              "name": "man",
              "path": "/nix/store/vcpmm804kmh9d3dsa7lbs4sy31kzgdyv-postgresql-18.6-man",
              "default": true
            },
            {
              "name": "dev",
              "path": "/nix/store/g6mn0a7jc54a5yr76rq6x7crm91fmz57-postgresql-18.6-dev"
            },
            {
              "name": "doc",
              "path": "/nix/store/sz801w6452pq74bwipz6ncj180m64kgh-postgresql-18.6-doc"
            },
            {
              "name": "jit",
              "path": "/nix/store/wzfsmchzqzxpjj07ni1iacv8kn24crhp-postgresql-18.6-jit"
            },
            {
              "name": "lib",
              "path": "/nix/store/4n0cyq26dskdxq69d9c4hci8wkylh6bf-postgresql-18.6-lib"
            },
            {
              "name": "plperl",
              "path": "/nix/store/hxla2jzl7ayf414byhha12arg65ikbw3-postgresql-18.6-plperl"
            },
            {
              "name": "plpython3",
              "path": "/nix/store/ihpg04gy6kr3d4rr0m04n9sx7y50vbsn-postgresql-18.6-plpython3"
            },
            {
              "name": "pltcl",
              "path": "/nix/store/jsaccr2cdkxgsw7j40rsbri108z6ap86-postgresql-18.6-pltcl"
            }
          ],
          "store_path": "/nix/store/zndqgdxn4p28iyax8raza3pfn7lkjw64-postgresql-18.6"
        },
        "aarch64-linux": {
          "outputs": [
            {
              "name": "out",
              "path": "/nix/store/d3jgjf9yvbf5q3bh3d56vvr9x7ydsjgv-postgresql-18.6",
              "default": true
            },
            {
              "name": "man",
              "path": "/nix/store/hgv2f2547hv1mwdpr9h0z4fgbj5jcb5v-postgresql-18.6-man",
              "default": true
            },
            {
              "name": "plpython3",
              "path": "/nix/store/f533d0xrh4xmd569jls0iz46lqknrp88-postgresql-18.6-plpython3"
            },
            {
              "name": "pltcl",
              "path": "/nix/store/lj4klnqiqg7xkkkhmdy4n4d7r3svcyky-postgresql-18.6-pltcl"
            },
            {
              "name": "debug",
              "path": "/nix/store/4kw230jx32wm5mc8d1zr2xnlwil3v6s2-postgresql-18.6-debug"
            },
            {
              "name": "dev",
              "path": "/nix/store/8mjm908kr4ap1wwf6s5b7ar1dx1np0hp-postgresql-18.6-dev"
            },
            {
              "name": "doc",
              "path": "/nix/store/03q7nrv8lf3xn1yzjfphg4n4fxzsyzqw-postgresql-18.6-doc"
            },
            {
              "name": "jit",
              "path": "/nix/store/rxndbq1lal2i65a55myzddnlxcl898gj-postgresql-18.6-jit"
            },
            {
              "name": "lib",
              "path": "/nix/store/1p5llfgr4zza8dll1rnibc8x3qwq4gr7-postgresql-18.6-lib"
            },
            {
              "name": "plperl",
              "path": "/nix/store/sidyg3rfbmxbamv9xmhxasfpz8z8d1f5-postgresql-18.6-plperl"
            }
          ],
          "store_path": "/nix/store/d3jgjf9yvbf5q3bh3d56vvr9x7ydsjgv-postgresql-18.6"
        },
        "x86_64-linux": {
          "outputs": [
            {
              "name": "out",
              "path": "/nix/store/h9aczmrkpcmm9z47648m5n9sg67vi5gw-postgresql-18.6",
              "default": true
            },
            {
              "name": "man",
              "path": "/nix/store/pv5pg4q7k7261z2j7z5qs7frg0rvz9b3-postgresql-18.6-man",
              "default": true
            },
            {
              "name": "jit",
              "path": "/nix/store/0pm89bxz4n3bmhg43z9l5y0pj4wk6h49-postgresql-18.6-jit"
            },
            {
              "name": "lib",
              "path": "/nix/store/vgkmbbqcpmm5wagmf6gv8jv06v3lp21s-postgresql-18.6-lib"
            },
            {
              "name": "plpython3",
              "path": "/nix/store/y55nfhp3188m4k438hy6lw1h55z472ga-postgresql-18.6-plpython3"
            },
            {
              "name": "pltcl",
              "path": "/nix/store/x1mgd47yiskrnqd607fw7aj4mvgd8dmb-postgresql-18.6-pltcl"
            },
            {
              "name": "debug",
              "path": "/nix/store/g87ds83g9q0q50x3dvlvacw5fix0xdfx-postgresql-18.6-debug"
            },
            {
              "name": "dev",
              "path": "/nix/store/kyljy9lpzxcnj0mmayhn6pja667mxcqv-postgresql-18.6-dev"
            },
            {
              "name": "plperl",
              "path": "/nix/store/m6gjxgw9biyc46dg1sbsgycr3scqf4v8-postgresql-18.6-plperl"
            },
            {
              "name": "doc",
              "path": "/nix/store/8z4wgfcyc5a2qqmdg562qhyqi7c29l4g-postgresql-18.6-doc"
            }
          ],
          "store_path": "/nix/store/h9aczmrkpcmm9z47648m5n9sg67vi5gw-postgresql-18.6"
        }
      }
    },
    "python@latest": {
      "last_modified": "2026-06-27T07:37:20Z",
      "plugin_version": "0.0.5",
      "resolved": "github:NixOS/nixpkgs/3d46470bb3030020f7e1361f33514854f5bfa86d#python314",
      "source": "devbox-search",
      "version": "3.14.4",
      "systems": {
        "aarch64-darwin": {
          "outputs": [
            {
              "name": "out",
              "path": "/nix/store/bz7r3a1x3xby7ilac2ngzwr0szf3yzxc-python3-3.14.4",
              "default": true
            }
          ],
          "store_path": "/nix/store/bz7r3a1x3xby7ilac2ngzwr0szf3yzxc-python3-3.14.4"
        },
        "aarch64-linux": {
          "outputs": [
            {
              "name": "out",
              "path": "/nix/store/fj2lkfaqsccpsgwmzrv921asxzsp1iin-python3-3.14.4",
              "default": true
            },
            {
              "name": "debug",
              "path": "/nix/store/8sggbkg072yim06lsbggkiwc84z28cj9-python3-3.14.4-debug"
            }
          ],
          "store_path": "/nix/store/fj2lkfaqsccpsgwmzrv921asxzsp1iin-python3-3.14.4"
        },
        "x86_64-darwin": {
          "outputs": [
            {
              "name": "out",
              "path": "/nix/store/dz3vgh7m1dsj9c3ahn1ab6wqpnz9bbww-python3-3.14.4",
              "default": true
            }
          ],
          "store_path": "/nix/store/dz3vgh7m1dsj9c3ahn1ab6wqpnz9bbww-python3-3.14.4"
        },
        "x86_64-linux": {
          "outputs": [
            {
              "name": "out",
              "path": "/nix/store/fk8c5cqd0npblqv1mcd8swhkcbng84qr-python3-3.14.4",
              "default": true
            },
            {
              "name": "debug",
              "path": "/nix/store/y6nmlnw8360r8lma5bjnp07vl9r4l07g-python3-3.14.4-debug"
            }
          ],
          "store_path": "/nix/store/fk8c5cqd0npblqv1mcd8swhkcbng84qr-python3-3.14.4"
        }
      }
    },
    "zlib@latest": {
      "last_modified": "2026-08-29T00:50:12Z",
      "resolved": "github:NixOS/nixpkgs/e8be7818e19ada32105a8af937a6a473b38167ca#zlib",
      "source": "devbox-search",
      "version": "1.3.2",
      "systems": {
        "aarch64-darwin": {
          "outputs": [
            {
              "name": "out",
              "path": "/nix/store/gyvvqx69fvrgxf0hr4jmb3rc7szg1c79-zlib-1.3.2",
              "default": true
            },
            {
              "name": "dev",
              "path": "/nix/store/7js172sd8ibm0xx55blx1kqh2wh1r76i-zlib-1.3.2-dev"
            },
            {
              "name": "static",
              "path": "/nix/store/x2pzym51fc0hb8c9d343qwdw544rnacy-zlib-1.3.2-static"
            }
          ],
          "store_path": "/nix/store/gyvvqx69fvrgxf0hr4jmb3rc7szg1c79-zlib-1.3.2"
        },
        "aarch64-linux": {
          "outputs": [
            {
              "name": "out",
              "path": "/nix/store/4my1cjkysivszznv4342x12r3z2pwdpl-zlib-1.3.2",
              "default": true
            },
            {
              "name": "dev",
              "path": "/nix/store/24zdslzcp8icc73ck3kawiacaxvsczch-zlib-1.3.2-dev"
            },
            {
              "name": "static",
              "path": "/nix/store/pfzjp1hpxv4b38q01kv5ijd63c8h8ffa-zlib-1.3.2-static"
            }
          ],
          "store_path": "/nix/store/4my1cjkysivszznv4342x12r3z2pwdpl-zlib-1.3.2"
        },
        "x86_64-darwin": {
          "outputs": [
            {
              "name": "out",
              "path": "/nix/store/lgmvxlc60lb5fb3g94qalzkymnba3gl6-zlib-1.3.2",
              "default": true
            },
            {
              "name": "dev",
              "path": "/nix/store/ymzh9g7gh3216by85q08lphgk8b613pm-zlib-1.3.2-dev"
            },
            {
              "name": "static",
              "path": "/nix/store/n8kq8d2aqc2m99micz5lxxmlvihmx1ig-zlib-1.3.2-static"
            }
          ],
          "store_path": "/nix/store/lgmvxlc60lb5fb3g94qalzkymnba3gl6-zlib-1.3.2"
        },
        "x86_64-linux": {
          "outputs": [
            {
              "name": "out",
              "path": "/nix/store/l3p6y554mkxi4vipnnp8809kxj0g1lyv-zlib-1.3.2",
              "default": true
            },
            {
              "name": "static",
              "path": "/nix/store/s17x7bnrq6yxyq7bczn6z0vqscz3dj42-zlib-1.3.2-static"
            },
            {
              "name": "dev",
              "path": "/nix/store/nd34kmibbq6y7qmp78rhw38adsj5ffd0-zlib-1.3.2-dev"
            }
          ],
          "store_path": "/nix/store/l3p6y554mkxi4vipnnp8809kxj0g1lyv-zlib-1.3.2"
        }
      }
    }
  }
}
