{
  "lockfile_version": "1",
  "packages": {
    "gcc@latest": {
      "last_modified": "2023-05-01T16:53:22Z",
      "resolved": "github:NixOS/nixpkgs/8670e496ffd093b60e74e7fa53526aa5920d09eb#gcc12",
      "version": "12.2.0"
    },
    "openssl@latest": {
      "last_modified": "2023-05-01T16:53:22Z",
      "resolved": "github:NixOS/nixpkgs/8670e496ffd093b60e74e7fa53526aa5920d09eb#openssl",
      "version": "3.0.8"
    },
    "postgresql@latest": {
      "last_modified": "2023-05-01T16:53:22Z",
      "plugin_version": "0.0.2",
      "resolved": "github:NixOS/nixpkgs/8670e496ffd093b60e74e7fa53526aa5920d09eb#postgresql",
      "version": "14.7"
    },
    "python310@latest": {
      "last_modified": "2023-05-01T16:53:22Z",
      "plugin_version": "0.0.1",
      "resolved": "github:NixOS/nixpkgs/8670e496ffd093b60e74e7fa53526aa5920d09eb#python311",
      "version": "3.11.3"
    },
    "python310Packages.pip@latest": {
      "last_modified": "2023-05-01T16:53:22Z",
      "plugin_version": "0.0.1",
      "resolved": "github:NixOS/nixpkgs/8670e496ffd093b60e74e7fa53526aa5920d09eb#python310Packages.pip",
      "version": "23.0.1"
    }
  }
}